// !$*UTF8*$!
{
	archiveVersion = 1;
	classes = {
	};
	objectVersion = 46;
	objects = {

/* Begin PBXAggregateTarget section */
		F10E13111EBCA8180044802C /* Mogenerator */ = {
			isa = PBXAggregateTarget;
			buildConfigurationList = F10E13141EBCA8180044802C /* Build configuration list for PBXAggregateTarget "Mogenerator" */;
			buildPhases = (
				F10E13151EBCA8260044802C /* ShellScript */,
			);
			dependencies = (
			);
			name = Mogenerator;
			productName = Mogenerator;
		};
/* End PBXAggregateTarget section */

/* Begin PBXBuildFile section */
		B5F947BBE75634A58531207D /* libPods-Lists.a in Frameworks */ = {isa = PBXBuildFile; fileRef = 34B0998BCC3BC8ED27C33131 /* libPods-Lists.a */; };
		F10AAA4B1A12AFD800FD4E85 /* AppDelegate.m in Sources */ = {isa = PBXBuildFile; fileRef = F10AA9E41A12AFD800FD4E85 /* AppDelegate.m */; };
		F10AAA4C1A12AFD800FD4E85 /* Main.storyboard in Resources */ = {isa = PBXBuildFile; fileRef = F10AA9E51A12AFD800FD4E85 /* Main.storyboard */; };
		F10AAA4D1A12AFD800FD4E85 /* SDWBoardsCellView.m in Sources */ = {isa = PBXBuildFile; fileRef = F10AA9EA1A12AFD800FD4E85 /* SDWBoardsCellView.m */; };
		F10AAA4E1A12AFD800FD4E85 /* SDWBoardsController.m in Sources */ = {isa = PBXBuildFile; fileRef = F10AA9EC1A12AFD800FD4E85 /* SDWBoardsController.m */; };
		F10AAA4F1A12AFD800FD4E85 /* SDWBoardsListRow.m in Sources */ = {isa = PBXBuildFile; fileRef = F10AA9EE1A12AFD800FD4E85 /* SDWBoardsListRow.m */; };
		F10AAA501A12AFD800FD4E85 /* WSCBoardsOutlineView.m in Sources */ = {isa = PBXBuildFile; fileRef = F10AA9F01A12AFD800FD4E85 /* WSCBoardsOutlineView.m */; };
		F10AAA511A12AFD800FD4E85 /* SDWCardViewController.m in Sources */ = {isa = PBXBuildFile; fileRef = F10AA9F31A12AFD800FD4E85 /* SDWCardViewController.m */; };
		F10AAA521A12AFD800FD4E85 /* SDWCardDetailsTextField.m in Sources */ = {isa = PBXBuildFile; fileRef = F10AA9F61A12AFD800FD4E85 /* SDWCardDetailsTextField.m */; };
		F10AAA531A12AFD800FD4E85 /* SDWCardListView.m in Sources */ = {isa = PBXBuildFile; fileRef = F10AA9F81A12AFD800FD4E85 /* SDWCardListView.m */; };
		F10AAA561A12AFD800FD4E85 /* SDWCardsController.m in Sources */ = {isa = PBXBuildFile; fileRef = F10AA9FE1A12AFD800FD4E85 /* SDWCardsController.m */; };
		F10AAA581A12AFD800FD4E85 /* SDWLoginVC.m in Sources */ = {isa = PBXBuildFile; fileRef = F10AAA031A12AFD800FD4E85 /* SDWLoginVC.m */; };
		F10AAA611A12AFD800FD4E85 /* AFTrelloAPIClient.m in Sources */ = {isa = PBXBuildFile; fileRef = F10AAA171A12AFD800FD4E85 /* AFTrelloAPIClient.m */; };
		F10AAA621A12AFD800FD4E85 /* SDWMainSplitController.m in Sources */ = {isa = PBXBuildFile; fileRef = F10AAA191A12AFD800FD4E85 /* SDWMainSplitController.m */; };
		F10AAA631A12AFD800FD4E85 /* SDWMainSplitView.m in Sources */ = {isa = PBXBuildFile; fileRef = F10AAA1B1A12AFD800FD4E85 /* SDWMainSplitView.m */; };
		F10AAA641A12AFD800FD4E85 /* SDWMainWindowController.m in Sources */ = {isa = PBXBuildFile; fileRef = F10AAA1D1A12AFD800FD4E85 /* SDWMainWindowController.m */; };
		F10AAA651A12AFD800FD4E85 /* NSColor+Util.m in Sources */ = {isa = PBXBuildFile; fileRef = F10AAA201A12AFD800FD4E85 /* NSColor+Util.m */; };
		F10AAA661A12AFD800FD4E85 /* NSImage+HHTint.m in Sources */ = {isa = PBXBuildFile; fileRef = F10AAA221A12AFD800FD4E85 /* NSImage+HHTint.m */; };
		F10AAA671A12AFD800FD4E85 /* NSImage+Util.m in Sources */ = {isa = PBXBuildFile; fileRef = F10AAA241A12AFD800FD4E85 /* NSImage+Util.m */; };
		F10AAA681A12AFD800FD4E85 /* NSView+Utils.m in Sources */ = {isa = PBXBuildFile; fileRef = F10AAA261A12AFD800FD4E85 /* NSView+Utils.m */; };
		F10AAA691A12AFD800FD4E85 /* SDWAppSettings.m in Sources */ = {isa = PBXBuildFile; fileRef = F10AAA281A12AFD800FD4E85 /* SDWAppSettings.m */; };
		F10AAA6A1A12AFD800FD4E85 /* SDWScroller.m in Sources */ = {isa = PBXBuildFile; fileRef = F10AAA2A1A12AFD800FD4E85 /* SDWScroller.m */; };
		F10AAA6B1A12AFD800FD4E85 /* Utils.m in Sources */ = {isa = PBXBuildFile; fileRef = F10AAA2C1A12AFD800FD4E85 /* Utils.m */; };
		F10AAA6C1A12AFD800FD4E85 /* Images.xcassets in Resources */ = {isa = PBXBuildFile; fileRef = F10AAA2D1A12AFD800FD4E85 /* Images.xcassets */; };
		F10AAA6E1A12AFD800FD4E85 /* main.m in Sources */ = {isa = PBXBuildFile; fileRef = F10AAA2F1A12AFD800FD4E85 /* main.m */; };
		F10AAA6F1A12AFD800FD4E85 /* AFHTTPRequestOperation.m in Sources */ = {isa = PBXBuildFile; fileRef = F10AAA331A12AFD800FD4E85 /* AFHTTPRequestOperation.m */; };
		F10AAA701A12AFD800FD4E85 /* AFHTTPRequestOperationManager.m in Sources */ = {isa = PBXBuildFile; fileRef = F10AAA351A12AFD800FD4E85 /* AFHTTPRequestOperationManager.m */; };
		F10AAA711A12AFD800FD4E85 /* AFHTTPSessionManager.m in Sources */ = {isa = PBXBuildFile; fileRef = F10AAA371A12AFD800FD4E85 /* AFHTTPSessionManager.m */; };
		F10AAA721A12AFD800FD4E85 /* AFNetworkReachabilityManager.m in Sources */ = {isa = PBXBuildFile; fileRef = F10AAA3A1A12AFD800FD4E85 /* AFNetworkReachabilityManager.m */; };
		F10AAA731A12AFD800FD4E85 /* AFSecurityPolicy.m in Sources */ = {isa = PBXBuildFile; fileRef = F10AAA3C1A12AFD800FD4E85 /* AFSecurityPolicy.m */; };
		F10AAA741A12AFD800FD4E85 /* AFURLConnectionOperation.m in Sources */ = {isa = PBXBuildFile; fileRef = F10AAA3E1A12AFD800FD4E85 /* AFURLConnectionOperation.m */; };
		F10AAA751A12AFD800FD4E85 /* AFURLRequestSerialization.m in Sources */ = {isa = PBXBuildFile; fileRef = F10AAA401A12AFD800FD4E85 /* AFURLRequestSerialization.m */; };
		F10AAA761A12AFD800FD4E85 /* AFURLResponseSerialization.m in Sources */ = {isa = PBXBuildFile; fileRef = F10AAA421A12AFD800FD4E85 /* AFURLResponseSerialization.m */; };
		F10AAA771A12AFD800FD4E85 /* AFURLSessionManager.m in Sources */ = {isa = PBXBuildFile; fileRef = F10AAA441A12AFD800FD4E85 /* AFURLSessionManager.m */; };
		F10AAA781A12AFD800FD4E85 /* ITSwitch.m in Sources */ = {isa = PBXBuildFile; fileRef = F10AAA471A12AFD800FD4E85 /* ITSwitch.m */; };
		F10AAA791A12AFD800FD4E85 /* Xtrace.mm in Sources */ = {isa = PBXBuildFile; fileRef = F10AAA4A1A12AFD800FD4E85 /* Xtrace.mm */; };
		F10E13071EBC8E420044802C /* SDWDataModelManager.m in Sources */ = {isa = PBXBuildFile; fileRef = F10E13061EBC8E420044802C /* SDWDataModelManager.m */; };
		F10E13101EBCA2540044802C /* CoreData.framework in Frameworks */ = {isa = PBXBuildFile; fileRef = F10E130F1EBCA2540044802C /* CoreData.framework */; };
		F10E13341EBCAFDA0044802C /* SDWMBoard.m in Sources */ = {isa = PBXBuildFile; fileRef = F10E13291EBCAFDA0044802C /* SDWMBoard.m */; };
		F10E13351EBCAFDA0044802C /* SDWMCard.m in Sources */ = {isa = PBXBuildFile; fileRef = F10E132B1EBCAFDA0044802C /* SDWMCard.m */; };
		F10E13361EBCAFDA0044802C /* SDWMChecklist.m in Sources */ = {isa = PBXBuildFile; fileRef = F10E132D1EBCAFDA0044802C /* SDWMChecklist.m */; };
		F10E13371EBCAFDA0044802C /* SDWMChecklistItem.m in Sources */ = {isa = PBXBuildFile; fileRef = F10E132F1EBCAFDA0044802C /* SDWMChecklistItem.m */; };
		F10E13381EBCAFDA0044802C /* SDWMLabel.m in Sources */ = {isa = PBXBuildFile; fileRef = F10E13311EBCAFDA0044802C /* SDWMLabel.m */; };
		F10E13391EBCAFDA0044802C /* SDWMUser.m in Sources */ = {isa = PBXBuildFile; fileRef = F10E13331EBCAFDA0044802C /* SDWMUser.m */; };
		F10E13461EBCAFE30044802C /* _SDWMBoard.m in Sources */ = {isa = PBXBuildFile; fileRef = F10E133B1EBCAFE30044802C /* _SDWMBoard.m */; };
		F10E13471EBCAFE30044802C /* _SDWMCard.m in Sources */ = {isa = PBXBuildFile; fileRef = F10E133D1EBCAFE30044802C /* _SDWMCard.m */; };
		F10E13481EBCAFE30044802C /* _SDWMChecklist.m in Sources */ = {isa = PBXBuildFile; fileRef = F10E133F1EBCAFE30044802C /* _SDWMChecklist.m */; };
		F10E13491EBCAFE30044802C /* _SDWMChecklistItem.m in Sources */ = {isa = PBXBuildFile; fileRef = F10E13411EBCAFE30044802C /* _SDWMChecklistItem.m */; };
		F10E134A1EBCAFE30044802C /* _SDWMLabel.m in Sources */ = {isa = PBXBuildFile; fileRef = F10E13431EBCAFE30044802C /* _SDWMLabel.m */; };
		F10E134B1EBCAFE30044802C /* _SDWMUser.m in Sources */ = {isa = PBXBuildFile; fileRef = F10E13451EBCAFE30044802C /* _SDWMUser.m */; };
		F10E13511EBCB36E0044802C /* SDWMappingConstants.m in Sources */ = {isa = PBXBuildFile; fileRef = F10E13501EBCB36E0044802C /* SDWMappingConstants.m */; };
		F10E13541EBCB4360044802C /* FEMAttribute+listsAttributes.m in Sources */ = {isa = PBXBuildFile; fileRef = F10E13531EBCB4360044802C /* FEMAttribute+listsAttributes.m */; };
		F10E13571EBCE4BC0044802C /* SDWMapper.m in Sources */ = {isa = PBXBuildFile; fileRef = F10E13561EBCE4BC0044802C /* SDWMapper.m */; };
		F11E3BF71A58AA3900353914 /* SDWTrelloStore.m in Sources */ = {isa = PBXBuildFile; fileRef = F11E3BF61A58AA3900353914 /* SDWTrelloStore.m */; };
		F11E3C001A5908B700353914 /* SDWCheckItemTableCellView.m in Sources */ = {isa = PBXBuildFile; fileRef = F11E3BFF1A5908B700353914 /* SDWCheckItemTableCellView.m */; };
		F11E3C061A591B5900353914 /* AAPLCheckBox.m in Sources */ = {isa = PBXBuildFile; fileRef = F11E3C031A591B5900353914 /* AAPLCheckBox.m */; };
		F11E3C071A591B5900353914 /* AAPLCheckBoxLayer.m in Sources */ = {isa = PBXBuildFile; fileRef = F11E3C051A591B5900353914 /* AAPLCheckBoxLayer.m */; };
		F11E3C0A1A5B4E0300353914 /* NSControl+DragInteraction.m in Sources */ = {isa = PBXBuildFile; fileRef = F11E3C091A5B4E0300353914 /* NSControl+DragInteraction.m */; };
		F14B36101A1441C000AFD5C9 /* icon.icns in Resources */ = {isa = PBXBuildFile; fileRef = F14B360F1A1441C000AFD5C9 /* icon.icns */; };
		F14B36121A1443A600AFD5C9 /* Lists.icns in Resources */ = {isa = PBXBuildFile; fileRef = F14B36111A1443A600AFD5C9 /* Lists.icns */; };
		F14B36151A145ADF00AFD5C9 /* PulseView.m in Sources */ = {isa = PBXBuildFile; fileRef = F14B36141A145ADF00AFD5C9 /* PulseView.m */; };
		F14F4BD51ED2E3E500D63659 /* SDWActivityDisplayItem.m in Sources */ = {isa = PBXBuildFile; fileRef = F14F4BD41ED2E3E500D63659 /* SDWActivityDisplayItem.m */; };
		F1610E681A8BF3D000DECA86 /* SDWSingleCardTableCellView.m in Sources */ = {isa = PBXBuildFile; fileRef = F1610E671A8BF3D000DECA86 /* SDWSingleCardTableCellView.m */; };
		F1624CD61ED2BED6003F0EA7 /* _SDWMActivity.m in Sources */ = {isa = PBXBuildFile; fileRef = F1624CD31ED2BED6003F0EA7 /* _SDWMActivity.m */; };
		F1624CD71ED2BED6003F0EA7 /* SDWMActivity.m in Sources */ = {isa = PBXBuildFile; fileRef = F1624CD51ED2BED6003F0EA7 /* SDWMActivity.m */; };
		F18089BA1A280B7000A701B7 /* Credits.rtf in Resources */ = {isa = PBXBuildFile; fileRef = F18089B91A280B7000A701B7 /* Credits.rtf */; };
		F18B583E1ECE0D6700884CDC /* SDWCardDisplayItem.m in Sources */ = {isa = PBXBuildFile; fileRef = F18B583D1ECE0D6700884CDC /* SDWCardDisplayItem.m */; };
		F18B58411ECE0D7A00884CDC /* SDWBoardDisplayItem.m in Sources */ = {isa = PBXBuildFile; fileRef = F18B58401ECE0D7A00884CDC /* SDWBoardDisplayItem.m */; };
		F18B58441ECE0D9200884CDC /* SDWLabelDisplayItem.m in Sources */ = {isa = PBXBuildFile; fileRef = F18B58431ECE0D9200884CDC /* SDWLabelDisplayItem.m */; };
		F18B58471ECE0DE700884CDC /* SDWListDisplayItem.m in Sources */ = {isa = PBXBuildFile; fileRef = F18B58461ECE0DE700884CDC /* SDWListDisplayItem.m */; };
		F18B584A1ECE0E4600884CDC /* SDWUserDisplayItem.m in Sources */ = {isa = PBXBuildFile; fileRef = F18B58491ECE0E4600884CDC /* SDWUserDisplayItem.m */; };
		F18B584D1ECE0E8100884CDC /* SDWChecklistDisplayItem.m in Sources */ = {isa = PBXBuildFile; fileRef = F18B584C1ECE0E8100884CDC /* SDWChecklistDisplayItem.m */; };
		F18B58501ECE0E9C00884CDC /* SDWChecklistItemDisplayItem.m in Sources */ = {isa = PBXBuildFile; fileRef = F18B584F1ECE0E9C00884CDC /* SDWChecklistItemDisplayItem.m */; };
		F1918A981A3D2FBD00CD22CE /* SDWCardDetailBox.m in Sources */ = {isa = PBXBuildFile; fileRef = F1918A971A3D2FBD00CD22CE /* SDWCardDetailBox.m */; };
		F1918A9B1A3D535200CD22CE /* SDWCardCalendarVC.m in Sources */ = {isa = PBXBuildFile; fileRef = F1918A9A1A3D535200CD22CE /* SDWCardCalendarVC.m */; };
		F1918AAB1A3F819900CD22CE /* JWCTableView.m in Sources */ = {isa = PBXBuildFile; fileRef = F1918AAA1A3F819900CD22CE /* JWCTableView.m */; };
		F1918AAE1A3F9DBA00CD22CE /* SDWActivityTableCellView.m in Sources */ = {isa = PBXBuildFile; fileRef = F1918AAD1A3F9DBA00CD22CE /* SDWActivityTableCellView.m */; };
		F1AF66EF1EBF12EC009F230F /* listsmodel.xcdatamodeld in Resources */ = {isa = PBXBuildFile; fileRef = F10E13091EBC922B0044802C /* listsmodel.xcdatamodeld */; };
		F1AF66F51EBF1C21009F230F /* _SDWMList.m in Sources */ = {isa = PBXBuildFile; fileRef = F1AF66F21EBF1C21009F230F /* _SDWMList.m */; };
		F1AF66F61EBF1C21009F230F /* SDWMList.m in Sources */ = {isa = PBXBuildFile; fileRef = F1AF66F41EBF1C21009F230F /* SDWMList.m */; };
		F1B3AB851A04E9A400927CB9 /* WebKit.framework in Frameworks */ = {isa = PBXBuildFile; fileRef = F1B3AB841A04E9A400927CB9 /* WebKit.framework */; };
		F1C4549D1A23EAB5002FFAF6 /* SDWMainWindow.m in Sources */ = {isa = PBXBuildFile; fileRef = F1C4549C1A23EAB5002FFAF6 /* SDWMainWindow.m */; };
		F1C454A01A23ED0A002FFAF6 /* SDWShortcutsManager.m in Sources */ = {isa = PBXBuildFile; fileRef = F1C4549F1A23ED0A002FFAF6 /* SDWShortcutsManager.m */; };
		F1C454AA1A2534BF002FFAF6 /* SDWProgressIndicator.m in Sources */ = {isa = PBXBuildFile; fileRef = F1C454A91A2534BF002FFAF6 /* SDWProgressIndicator.m */; };
		F1C454AD1A267AE7002FFAF6 /* SDWLiveUpdateManager.m in Sources */ = {isa = PBXBuildFile; fileRef = F1C454AC1A267AE7002FFAF6 /* SDWLiveUpdateManager.m */; };
		F1D9ACA81A3CEA380067B119 /* SDWCardDetailsTextView.m in Sources */ = {isa = PBXBuildFile; fileRef = F1D9ACA71A3CEA380067B119 /* SDWCardDetailsTextView.m */; };
		F1F54DB61D76DFD700941906 /* SDWModalEditVC.m in Sources */ = {isa = PBXBuildFile; fileRef = F1F54DB51D76DFD700941906 /* SDWModalEditVC.m */; };
		F1F54DBA1D77102C00941906 /* SDWAddNamedItemTextField.m in Sources */ = {isa = PBXBuildFile; fileRef = F1F54DB91D77102C00941906 /* SDWAddNamedItemTextField.m */; };
		F1F8D8C522451DAF00838563 /* IBMPlexSerif-Regular.otf in Resources */ = {isa = PBXBuildFile; fileRef = F1F8D8C222451DAF00838563 /* IBMPlexSerif-Regular.otf */; };
		F1F8D8C622451DAF00838563 /* IBMPlexSerif-SemiBold.otf in Resources */ = {isa = PBXBuildFile; fileRef = F1F8D8C322451DAF00838563 /* IBMPlexSerif-SemiBold.otf */; };
		F1F8D8C722451DAF00838563 /* IBMPlexSerif-Text.otf in Resources */ = {isa = PBXBuildFile; fileRef = F1F8D8C422451DAF00838563 /* IBMPlexSerif-Text.otf */; };
		F1F8D8CB22451DBE00838563 /* IBMPlexSans-SemiBold.otf in Resources */ = {isa = PBXBuildFile; fileRef = F1F8D8C822451DBE00838563 /* IBMPlexSans-SemiBold.otf */; };
		F1F8D8CC22451DBE00838563 /* IBMPlexSans-Text.otf in Resources */ = {isa = PBXBuildFile; fileRef = F1F8D8C922451DBE00838563 /* IBMPlexSans-Text.otf */; };
		F1F8D8CD22451DBE00838563 /* IBMPlexSans-Regular.otf in Resources */ = {isa = PBXBuildFile; fileRef = F1F8D8CA22451DBE00838563 /* IBMPlexSans-Regular.otf */; };
/* End PBXBuildFile section */

/* Begin PBXFileReference section */
		34B0998BCC3BC8ED27C33131 /* libPods-Lists.a */ = {isa = PBXFileReference; explicitFileType = archive.ar; includeInIndex = 0; path = "libPods-Lists.a"; sourceTree = BUILT_PRODUCTS_DIR; };
		3F9F8E33CAEB544DB8F90D5B /* Pods-Lists.release.xcconfig */ = {isa = PBXFileReference; includeInIndex = 1; lastKnownFileType = text.xcconfig; name = "Pods-Lists.release.xcconfig"; path = "Pods/Target Support Files/Pods-Lists/Pods-Lists.release.xcconfig"; sourceTree = "<group>"; };
		CF59BFBDD3F2246FB11E10BF /* Pods-Lists.debug.xcconfig */ = {isa = PBXFileReference; includeInIndex = 1; lastKnownFileType = text.xcconfig; name = "Pods-Lists.debug.xcconfig"; path = "Pods/Target Support Files/Pods-Lists/Pods-Lists.debug.xcconfig"; sourceTree = "<group>"; };
		F10AA9E31A12AFD800FD4E85 /* AppDelegate.h */ = {isa = PBXFileReference; fileEncoding = 4; lastKnownFileType = sourcecode.c.h; path = AppDelegate.h; sourceTree = "<group>"; };
		F10AA9E41A12AFD800FD4E85 /* AppDelegate.m */ = {isa = PBXFileReference; fileEncoding = 4; lastKnownFileType = sourcecode.c.objc; path = AppDelegate.m; sourceTree = "<group>"; };
		F10AA9E61A12AFD800FD4E85 /* Base */ = {isa = PBXFileReference; lastKnownFileType = file.storyboard; name = Base; path = Base.lproj/Main.storyboard; sourceTree = "<group>"; };
		F10AA9E91A12AFD800FD4E85 /* SDWBoardsCellView.h */ = {isa = PBXFileReference; fileEncoding = 4; lastKnownFileType = sourcecode.c.h; path = SDWBoardsCellView.h; sourceTree = "<group>"; };
		F10AA9EA1A12AFD800FD4E85 /* SDWBoardsCellView.m */ = {isa = PBXFileReference; fileEncoding = 4; lastKnownFileType = sourcecode.c.objc; path = SDWBoardsCellView.m; sourceTree = "<group>"; };
		F10AA9EB1A12AFD800FD4E85 /* SDWBoardsController.h */ = {isa = PBXFileReference; fileEncoding = 4; lastKnownFileType = sourcecode.c.h; path = SDWBoardsController.h; sourceTree = "<group>"; };
		F10AA9EC1A12AFD800FD4E85 /* SDWBoardsController.m */ = {isa = PBXFileReference; fileEncoding = 4; lastKnownFileType = sourcecode.c.objc; path = SDWBoardsController.m; sourceTree = "<group>"; };
		F10AA9ED1A12AFD800FD4E85 /* SDWBoardsListRow.h */ = {isa = PBXFileReference; fileEncoding = 4; lastKnownFileType = sourcecode.c.h; path = SDWBoardsListRow.h; sourceTree = "<group>"; };
		F10AA9EE1A12AFD800FD4E85 /* SDWBoardsListRow.m */ = {isa = PBXFileReference; fileEncoding = 4; lastKnownFileType = sourcecode.c.objc; path = SDWBoardsListRow.m; sourceTree = "<group>"; };
		F10AA9EF1A12AFD800FD4E85 /* WSCBoardsOutlineView.h */ = {isa = PBXFileReference; fileEncoding = 4; lastKnownFileType = sourcecode.c.h; path = WSCBoardsOutlineView.h; sourceTree = "<group>"; };
		F10AA9F01A12AFD800FD4E85 /* WSCBoardsOutlineView.m */ = {isa = PBXFileReference; fileEncoding = 4; lastKnownFileType = sourcecode.c.objc; path = WSCBoardsOutlineView.m; sourceTree = "<group>"; };
		F10AA9F21A12AFD800FD4E85 /* SDWCardViewController.h */ = {isa = PBXFileReference; fileEncoding = 4; lastKnownFileType = sourcecode.c.h; path = SDWCardViewController.h; sourceTree = "<group>"; };
		F10AA9F31A12AFD800FD4E85 /* SDWCardViewController.m */ = {isa = PBXFileReference; fileEncoding = 4; lastKnownFileType = sourcecode.c.objc; path = SDWCardViewController.m; sourceTree = "<group>"; };
		F10AA9F51A12AFD800FD4E85 /* SDWCardDetailsTextField.h */ = {isa = PBXFileReference; fileEncoding = 4; lastKnownFileType = sourcecode.c.h; name = SDWCardDetailsTextField.h; path = ../CardList/SDWCardDetailsTextField.h; sourceTree = "<group>"; };
		F10AA9F61A12AFD800FD4E85 /* SDWCardDetailsTextField.m */ = {isa = PBXFileReference; fileEncoding = 4; lastKnownFileType = sourcecode.c.objc; name = SDWCardDetailsTextField.m; path = ../CardList/SDWCardDetailsTextField.m; sourceTree = "<group>"; };
		F10AA9F71A12AFD800FD4E85 /* SDWCardListView.h */ = {isa = PBXFileReference; fileEncoding = 4; lastKnownFileType = sourcecode.c.h; path = SDWCardListView.h; sourceTree = "<group>"; };
		F10AA9F81A12AFD800FD4E85 /* SDWCardListView.m */ = {isa = PBXFileReference; fileEncoding = 4; lastKnownFileType = sourcecode.c.objc; path = SDWCardListView.m; sourceTree = "<group>"; };
		F10AA9FD1A12AFD800FD4E85 /* SDWCardsController.h */ = {isa = PBXFileReference; fileEncoding = 4; lastKnownFileType = sourcecode.c.h; path = SDWCardsController.h; sourceTree = "<group>"; };
		F10AA9FE1A12AFD800FD4E85 /* SDWCardsController.m */ = {isa = PBXFileReference; fileEncoding = 4; lastKnownFileType = sourcecode.c.objc; path = SDWCardsController.m; sourceTree = "<group>"; };
		F10AAA021A12AFD800FD4E85 /* SDWLoginVC.h */ = {isa = PBXFileReference; fileEncoding = 4; lastKnownFileType = sourcecode.c.h; path = SDWLoginVC.h; sourceTree = "<group>"; };
		F10AAA031A12AFD800FD4E85 /* SDWLoginVC.m */ = {isa = PBXFileReference; fileEncoding = 4; lastKnownFileType = sourcecode.c.objc; path = SDWLoginVC.m; sourceTree = "<group>"; };
		F10AAA161A12AFD800FD4E85 /* AFTrelloAPIClient.h */ = {isa = PBXFileReference; fileEncoding = 4; lastKnownFileType = sourcecode.c.h; path = AFTrelloAPIClient.h; sourceTree = "<group>"; };
		F10AAA171A12AFD800FD4E85 /* AFTrelloAPIClient.m */ = {isa = PBXFileReference; fileEncoding = 4; lastKnownFileType = sourcecode.c.objc; path = AFTrelloAPIClient.m; sourceTree = "<group>"; };
		F10AAA181A12AFD800FD4E85 /* SDWMainSplitController.h */ = {isa = PBXFileReference; fileEncoding = 4; lastKnownFileType = sourcecode.c.h; path = SDWMainSplitController.h; sourceTree = "<group>"; };
		F10AAA191A12AFD800FD4E85 /* SDWMainSplitController.m */ = {isa = PBXFileReference; fileEncoding = 4; lastKnownFileType = sourcecode.c.objc; path = SDWMainSplitController.m; sourceTree = "<group>"; };
		F10AAA1A1A12AFD800FD4E85 /* SDWMainSplitView.h */ = {isa = PBXFileReference; fileEncoding = 4; lastKnownFileType = sourcecode.c.h; path = SDWMainSplitView.h; sourceTree = "<group>"; };
		F10AAA1B1A12AFD800FD4E85 /* SDWMainSplitView.m */ = {isa = PBXFileReference; fileEncoding = 4; lastKnownFileType = sourcecode.c.objc; path = SDWMainSplitView.m; sourceTree = "<group>"; };
		F10AAA1C1A12AFD800FD4E85 /* SDWMainWindowController.h */ = {isa = PBXFileReference; fileEncoding = 4; lastKnownFileType = sourcecode.c.h; path = SDWMainWindowController.h; sourceTree = "<group>"; };
		F10AAA1D1A12AFD800FD4E85 /* SDWMainWindowController.m */ = {isa = PBXFileReference; fileEncoding = 4; lastKnownFileType = sourcecode.c.objc; path = SDWMainWindowController.m; sourceTree = "<group>"; };
		F10AAA1F1A12AFD800FD4E85 /* NSColor+Util.h */ = {isa = PBXFileReference; fileEncoding = 4; lastKnownFileType = sourcecode.c.h; path = "NSColor+Util.h"; sourceTree = "<group>"; };
		F10AAA201A12AFD800FD4E85 /* NSColor+Util.m */ = {isa = PBXFileReference; fileEncoding = 4; lastKnownFileType = sourcecode.c.objc; path = "NSColor+Util.m"; sourceTree = "<group>"; };
		F10AAA211A12AFD800FD4E85 /* NSImage+HHTint.h */ = {isa = PBXFileReference; fileEncoding = 4; lastKnownFileType = sourcecode.c.h; path = "NSImage+HHTint.h"; sourceTree = "<group>"; };
		F10AAA221A12AFD800FD4E85 /* NSImage+HHTint.m */ = {isa = PBXFileReference; fileEncoding = 4; lastKnownFileType = sourcecode.c.objc; path = "NSImage+HHTint.m"; sourceTree = "<group>"; };
		F10AAA231A12AFD800FD4E85 /* NSImage+Util.h */ = {isa = PBXFileReference; fileEncoding = 4; lastKnownFileType = sourcecode.c.h; path = "NSImage+Util.h"; sourceTree = "<group>"; };
		F10AAA241A12AFD800FD4E85 /* NSImage+Util.m */ = {isa = PBXFileReference; fileEncoding = 4; lastKnownFileType = sourcecode.c.objc; path = "NSImage+Util.m"; sourceTree = "<group>"; };
		F10AAA251A12AFD800FD4E85 /* NSView+Utils.h */ = {isa = PBXFileReference; fileEncoding = 4; lastKnownFileType = sourcecode.c.h; path = "NSView+Utils.h"; sourceTree = "<group>"; };
		F10AAA261A12AFD800FD4E85 /* NSView+Utils.m */ = {isa = PBXFileReference; fileEncoding = 4; lastKnownFileType = sourcecode.c.objc; path = "NSView+Utils.m"; sourceTree = "<group>"; };
		F10AAA271A12AFD800FD4E85 /* SDWAppSettings.h */ = {isa = PBXFileReference; fileEncoding = 4; lastKnownFileType = sourcecode.c.h; path = SDWAppSettings.h; sourceTree = "<group>"; };
		F10AAA281A12AFD800FD4E85 /* SDWAppSettings.m */ = {isa = PBXFileReference; fileEncoding = 4; lastKnownFileType = sourcecode.c.objc; path = SDWAppSettings.m; sourceTree = "<group>"; };
		F10AAA291A12AFD800FD4E85 /* SDWScroller.h */ = {isa = PBXFileReference; fileEncoding = 4; lastKnownFileType = sourcecode.c.h; path = SDWScroller.h; sourceTree = "<group>"; };
		F10AAA2A1A12AFD800FD4E85 /* SDWScroller.m */ = {isa = PBXFileReference; fileEncoding = 4; lastKnownFileType = sourcecode.c.objc; path = SDWScroller.m; sourceTree = "<group>"; };
		F10AAA2B1A12AFD800FD4E85 /* Utils.h */ = {isa = PBXFileReference; fileEncoding = 4; lastKnownFileType = sourcecode.c.h; path = Utils.h; sourceTree = "<group>"; };
		F10AAA2C1A12AFD800FD4E85 /* Utils.m */ = {isa = PBXFileReference; fileEncoding = 4; lastKnownFileType = sourcecode.c.objc; path = Utils.m; sourceTree = "<group>"; };
		F10AAA2D1A12AFD800FD4E85 /* Images.xcassets */ = {isa = PBXFileReference; lastKnownFileType = folder.assetcatalog; path = Images.xcassets; sourceTree = "<group>"; };
		F10AAA2E1A12AFD800FD4E85 /* Info.plist */ = {isa = PBXFileReference; fileEncoding = 4; lastKnownFileType = text.plist.xml; path = Info.plist; sourceTree = "<group>"; };
		F10AAA2F1A12AFD800FD4E85 /* main.m */ = {isa = PBXFileReference; fileEncoding = 4; lastKnownFileType = sourcecode.c.objc; path = main.m; sourceTree = "<group>"; };
		F10AAA321A12AFD800FD4E85 /* AFHTTPRequestOperation.h */ = {isa = PBXFileReference; fileEncoding = 4; lastKnownFileType = sourcecode.c.h; path = AFHTTPRequestOperation.h; sourceTree = "<group>"; };
		F10AAA331A12AFD800FD4E85 /* AFHTTPRequestOperation.m */ = {isa = PBXFileReference; fileEncoding = 4; lastKnownFileType = sourcecode.c.objc; path = AFHTTPRequestOperation.m; sourceTree = "<group>"; };
		F10AAA341A12AFD800FD4E85 /* AFHTTPRequestOperationManager.h */ = {isa = PBXFileReference; fileEncoding = 4; lastKnownFileType = sourcecode.c.h; path = AFHTTPRequestOperationManager.h; sourceTree = "<group>"; };
		F10AAA351A12AFD800FD4E85 /* AFHTTPRequestOperationManager.m */ = {isa = PBXFileReference; fileEncoding = 4; lastKnownFileType = sourcecode.c.objc; path = AFHTTPRequestOperationManager.m; sourceTree = "<group>"; };
		F10AAA361A12AFD800FD4E85 /* AFHTTPSessionManager.h */ = {isa = PBXFileReference; fileEncoding = 4; lastKnownFileType = sourcecode.c.h; path = AFHTTPSessionManager.h; sourceTree = "<group>"; };
		F10AAA371A12AFD800FD4E85 /* AFHTTPSessionManager.m */ = {isa = PBXFileReference; fileEncoding = 4; lastKnownFileType = sourcecode.c.objc; path = AFHTTPSessionManager.m; sourceTree = "<group>"; };
		F10AAA381A12AFD800FD4E85 /* AFNetworking.h */ = {isa = PBXFileReference; fileEncoding = 4; lastKnownFileType = sourcecode.c.h; path = AFNetworking.h; sourceTree = "<group>"; };
		F10AAA391A12AFD800FD4E85 /* AFNetworkReachabilityManager.h */ = {isa = PBXFileReference; fileEncoding = 4; lastKnownFileType = sourcecode.c.h; path = AFNetworkReachabilityManager.h; sourceTree = "<group>"; };
		F10AAA3A1A12AFD800FD4E85 /* AFNetworkReachabilityManager.m */ = {isa = PBXFileReference; fileEncoding = 4; lastKnownFileType = sourcecode.c.objc; path = AFNetworkReachabilityManager.m; sourceTree = "<group>"; };
		F10AAA3B1A12AFD800FD4E85 /* AFSecurityPolicy.h */ = {isa = PBXFileReference; fileEncoding = 4; lastKnownFileType = sourcecode.c.h; path = AFSecurityPolicy.h; sourceTree = "<group>"; };
		F10AAA3C1A12AFD800FD4E85 /* AFSecurityPolicy.m */ = {isa = PBXFileReference; fileEncoding = 4; lastKnownFileType = sourcecode.c.objc; path = AFSecurityPolicy.m; sourceTree = "<group>"; };
		F10AAA3D1A12AFD800FD4E85 /* AFURLConnectionOperation.h */ = {isa = PBXFileReference; fileEncoding = 4; lastKnownFileType = sourcecode.c.h; path = AFURLConnectionOperation.h; sourceTree = "<group>"; };
		F10AAA3E1A12AFD800FD4E85 /* AFURLConnectionOperation.m */ = {isa = PBXFileReference; fileEncoding = 4; lastKnownFileType = sourcecode.c.objc; path = AFURLConnectionOperation.m; sourceTree = "<group>"; };
		F10AAA3F1A12AFD800FD4E85 /* AFURLRequestSerialization.h */ = {isa = PBXFileReference; fileEncoding = 4; lastKnownFileType = sourcecode.c.h; path = AFURLRequestSerialization.h; sourceTree = "<group>"; };
		F10AAA401A12AFD800FD4E85 /* AFURLRequestSerialization.m */ = {isa = PBXFileReference; fileEncoding = 4; lastKnownFileType = sourcecode.c.objc; path = AFURLRequestSerialization.m; sourceTree = "<group>"; };
		F10AAA411A12AFD800FD4E85 /* AFURLResponseSerialization.h */ = {isa = PBXFileReference; fileEncoding = 4; lastKnownFileType = sourcecode.c.h; path = AFURLResponseSerialization.h; sourceTree = "<group>"; };
		F10AAA421A12AFD800FD4E85 /* AFURLResponseSerialization.m */ = {isa = PBXFileReference; fileEncoding = 4; lastKnownFileType = sourcecode.c.objc; path = AFURLResponseSerialization.m; sourceTree = "<group>"; };
		F10AAA431A12AFD800FD4E85 /* AFURLSessionManager.h */ = {isa = PBXFileReference; fileEncoding = 4; lastKnownFileType = sourcecode.c.h; path = AFURLSessionManager.h; sourceTree = "<group>"; };
		F10AAA441A12AFD800FD4E85 /* AFURLSessionManager.m */ = {isa = PBXFileReference; fileEncoding = 4; lastKnownFileType = sourcecode.c.objc; path = AFURLSessionManager.m; sourceTree = "<group>"; };
		F10AAA461A12AFD800FD4E85 /* ITSwitch.h */ = {isa = PBXFileReference; fileEncoding = 4; lastKnownFileType = sourcecode.c.h; path = ITSwitch.h; sourceTree = "<group>"; };
		F10AAA471A12AFD800FD4E85 /* ITSwitch.m */ = {isa = PBXFileReference; fileEncoding = 4; lastKnownFileType = sourcecode.c.objc; path = ITSwitch.m; sourceTree = "<group>"; };
		F10AAA491A12AFD800FD4E85 /* Xtrace.h */ = {isa = PBXFileReference; fileEncoding = 4; lastKnownFileType = sourcecode.c.h; path = Xtrace.h; sourceTree = "<group>"; };
		F10AAA4A1A12AFD800FD4E85 /* Xtrace.mm */ = {isa = PBXFileReference; fileEncoding = 4; lastKnownFileType = sourcecode.cpp.objcpp; path = Xtrace.mm; sourceTree = "<group>"; };
		F10E13051EBC8E420044802C /* SDWDataModelManager.h */ = {isa = PBXFileReference; fileEncoding = 4; lastKnownFileType = sourcecode.c.h; path = SDWDataModelManager.h; sourceTree = "<group>"; };
		F10E13061EBC8E420044802C /* SDWDataModelManager.m */ = {isa = PBXFileReference; fileEncoding = 4; lastKnownFileType = sourcecode.c.objc; path = SDWDataModelManager.m; sourceTree = "<group>"; };
		F10E130A1EBC922B0044802C /* listsmodel.xcdatamodel */ = {isa = PBXFileReference; lastKnownFileType = wrapper.xcdatamodel; path = listsmodel.xcdatamodel; sourceTree = "<group>"; };
		F10E130D1EBCA13C0044802C /* SDWObjectMapping.h */ = {isa = PBXFileReference; fileEncoding = 4; lastKnownFileType = sourcecode.c.h; path = SDWObjectMapping.h; sourceTree = "<group>"; };
		F10E130F1EBCA2540044802C /* CoreData.framework */ = {isa = PBXFileReference; lastKnownFileType = wrapper.framework; name = CoreData.framework; path = System/Library/Frameworks/CoreData.framework; sourceTree = SDKROOT; };
		F10E13281EBCAFDA0044802C /* SDWMBoard.h */ = {isa = PBXFileReference; fileEncoding = 4; lastKnownFileType = sourcecode.c.h; path = SDWMBoard.h; sourceTree = "<group>"; };
		F10E13291EBCAFDA0044802C /* SDWMBoard.m */ = {isa = PBXFileReference; fileEncoding = 4; lastKnownFileType = sourcecode.c.objc; path = SDWMBoard.m; sourceTree = "<group>"; };
		F10E132A1EBCAFDA0044802C /* SDWMCard.h */ = {isa = PBXFileReference; fileEncoding = 4; lastKnownFileType = sourcecode.c.h; path = SDWMCard.h; sourceTree = "<group>"; };
		F10E132B1EBCAFDA0044802C /* SDWMCard.m */ = {isa = PBXFileReference; fileEncoding = 4; lastKnownFileType = sourcecode.c.objc; path = SDWMCard.m; sourceTree = "<group>"; };
		F10E132C1EBCAFDA0044802C /* SDWMChecklist.h */ = {isa = PBXFileReference; fileEncoding = 4; lastKnownFileType = sourcecode.c.h; path = SDWMChecklist.h; sourceTree = "<group>"; };
		F10E132D1EBCAFDA0044802C /* SDWMChecklist.m */ = {isa = PBXFileReference; fileEncoding = 4; lastKnownFileType = sourcecode.c.objc; path = SDWMChecklist.m; sourceTree = "<group>"; };
		F10E132E1EBCAFDA0044802C /* SDWMChecklistItem.h */ = {isa = PBXFileReference; fileEncoding = 4; lastKnownFileType = sourcecode.c.h; path = SDWMChecklistItem.h; sourceTree = "<group>"; };
		F10E132F1EBCAFDA0044802C /* SDWMChecklistItem.m */ = {isa = PBXFileReference; fileEncoding = 4; lastKnownFileType = sourcecode.c.objc; path = SDWMChecklistItem.m; sourceTree = "<group>"; };
		F10E13301EBCAFDA0044802C /* SDWMLabel.h */ = {isa = PBXFileReference; fileEncoding = 4; lastKnownFileType = sourcecode.c.h; path = SDWMLabel.h; sourceTree = "<group>"; };
		F10E13311EBCAFDA0044802C /* SDWMLabel.m */ = {isa = PBXFileReference; fileEncoding = 4; lastKnownFileType = sourcecode.c.objc; path = SDWMLabel.m; sourceTree = "<group>"; };
		F10E13321EBCAFDA0044802C /* SDWMUser.h */ = {isa = PBXFileReference; fileEncoding = 4; lastKnownFileType = sourcecode.c.h; path = SDWMUser.h; sourceTree = "<group>"; };
		F10E13331EBCAFDA0044802C /* SDWMUser.m */ = {isa = PBXFileReference; fileEncoding = 4; lastKnownFileType = sourcecode.c.objc; path = SDWMUser.m; sourceTree = "<group>"; };
		F10E133A1EBCAFE30044802C /* _SDWMBoard.h */ = {isa = PBXFileReference; fileEncoding = 4; lastKnownFileType = sourcecode.c.h; path = _SDWMBoard.h; sourceTree = "<group>"; };
		F10E133B1EBCAFE30044802C /* _SDWMBoard.m */ = {isa = PBXFileReference; fileEncoding = 4; lastKnownFileType = sourcecode.c.objc; path = _SDWMBoard.m; sourceTree = "<group>"; };
		F10E133C1EBCAFE30044802C /* _SDWMCard.h */ = {isa = PBXFileReference; fileEncoding = 4; lastKnownFileType = sourcecode.c.h; path = _SDWMCard.h; sourceTree = "<group>"; };
		F10E133D1EBCAFE30044802C /* _SDWMCard.m */ = {isa = PBXFileReference; fileEncoding = 4; lastKnownFileType = sourcecode.c.objc; path = _SDWMCard.m; sourceTree = "<group>"; };
		F10E133E1EBCAFE30044802C /* _SDWMChecklist.h */ = {isa = PBXFileReference; fileEncoding = 4; lastKnownFileType = sourcecode.c.h; path = _SDWMChecklist.h; sourceTree = "<group>"; };
		F10E133F1EBCAFE30044802C /* _SDWMChecklist.m */ = {isa = PBXFileReference; fileEncoding = 4; lastKnownFileType = sourcecode.c.objc; path = _SDWMChecklist.m; sourceTree = "<group>"; };
		F10E13401EBCAFE30044802C /* _SDWMChecklistItem.h */ = {isa = PBXFileReference; fileEncoding = 4; lastKnownFileType = sourcecode.c.h; path = _SDWMChecklistItem.h; sourceTree = "<group>"; };
		F10E13411EBCAFE30044802C /* _SDWMChecklistItem.m */ = {isa = PBXFileReference; fileEncoding = 4; lastKnownFileType = sourcecode.c.objc; path = _SDWMChecklistItem.m; sourceTree = "<group>"; };
		F10E13421EBCAFE30044802C /* _SDWMLabel.h */ = {isa = PBXFileReference; fileEncoding = 4; lastKnownFileType = sourcecode.c.h; path = _SDWMLabel.h; sourceTree = "<group>"; };
		F10E13431EBCAFE30044802C /* _SDWMLabel.m */ = {isa = PBXFileReference; fileEncoding = 4; lastKnownFileType = sourcecode.c.objc; path = _SDWMLabel.m; sourceTree = "<group>"; };
		F10E13441EBCAFE30044802C /* _SDWMUser.h */ = {isa = PBXFileReference; fileEncoding = 4; lastKnownFileType = sourcecode.c.h; path = _SDWMUser.h; sourceTree = "<group>"; };
		F10E13451EBCAFE30044802C /* _SDWMUser.m */ = {isa = PBXFileReference; fileEncoding = 4; lastKnownFileType = sourcecode.c.objc; path = _SDWMUser.m; sourceTree = "<group>"; };
		F10E134F1EBCB36E0044802C /* SDWMappingConstants.h */ = {isa = PBXFileReference; fileEncoding = 4; lastKnownFileType = sourcecode.c.h; path = SDWMappingConstants.h; sourceTree = "<group>"; };
		F10E13501EBCB36E0044802C /* SDWMappingConstants.m */ = {isa = PBXFileReference; fileEncoding = 4; lastKnownFileType = sourcecode.c.objc; path = SDWMappingConstants.m; sourceTree = "<group>"; };
		F10E13521EBCB4360044802C /* FEMAttribute+listsAttributes.h */ = {isa = PBXFileReference; fileEncoding = 4; lastKnownFileType = sourcecode.c.h; path = "FEMAttribute+listsAttributes.h"; sourceTree = "<group>"; };
		F10E13531EBCB4360044802C /* FEMAttribute+listsAttributes.m */ = {isa = PBXFileReference; fileEncoding = 4; lastKnownFileType = sourcecode.c.objc; path = "FEMAttribute+listsAttributes.m"; sourceTree = "<group>"; };
		F10E13551EBCE4BC0044802C /* SDWMapper.h */ = {isa = PBXFileReference; fileEncoding = 4; lastKnownFileType = sourcecode.c.h; path = SDWMapper.h; sourceTree = "<group>"; };
		F10E13561EBCE4BC0044802C /* SDWMapper.m */ = {isa = PBXFileReference; fileEncoding = 4; lastKnownFileType = sourcecode.c.objc; path = SDWMapper.m; sourceTree = "<group>"; };
		F10E13581EBCE6EA0044802C /* SDWMacros.h */ = {isa = PBXFileReference; lastKnownFileType = sourcecode.c.h; path = SDWMacros.h; sourceTree = "<group>"; };
		F119AE7419FD4CFC0061D7DF /* Lists.app */ = {isa = PBXFileReference; explicitFileType = wrapper.application; includeInIndex = 0; path = Lists.app; sourceTree = BUILT_PRODUCTS_DIR; };
		F11E3BF51A58AA3900353914 /* SDWTrelloStore.h */ = {isa = PBXFileReference; fileEncoding = 4; lastKnownFileType = sourcecode.c.h; path = SDWTrelloStore.h; sourceTree = "<group>"; };
		F11E3BF61A58AA3900353914 /* SDWTrelloStore.m */ = {isa = PBXFileReference; fileEncoding = 4; lastKnownFileType = sourcecode.c.objc; path = SDWTrelloStore.m; sourceTree = "<group>"; };
		F11E3BFE1A5908B700353914 /* SDWCheckItemTableCellView.h */ = {isa = PBXFileReference; fileEncoding = 4; lastKnownFileType = sourcecode.c.h; path = SDWCheckItemTableCellView.h; sourceTree = "<group>"; };
		F11E3BFF1A5908B700353914 /* SDWCheckItemTableCellView.m */ = {isa = PBXFileReference; fileEncoding = 4; lastKnownFileType = sourcecode.c.objc; path = SDWCheckItemTableCellView.m; sourceTree = "<group>"; };
		F11E3C021A591B5900353914 /* AAPLCheckBox.h */ = {isa = PBXFileReference; fileEncoding = 4; lastKnownFileType = sourcecode.c.h; path = AAPLCheckBox.h; sourceTree = "<group>"; };
		F11E3C031A591B5900353914 /* AAPLCheckBox.m */ = {isa = PBXFileReference; fileEncoding = 4; lastKnownFileType = sourcecode.c.objc; path = AAPLCheckBox.m; sourceTree = "<group>"; };
		F11E3C041A591B5900353914 /* AAPLCheckBoxLayer.h */ = {isa = PBXFileReference; fileEncoding = 4; lastKnownFileType = sourcecode.c.h; path = AAPLCheckBoxLayer.h; sourceTree = "<group>"; };
		F11E3C051A591B5900353914 /* AAPLCheckBoxLayer.m */ = {isa = PBXFileReference; fileEncoding = 4; lastKnownFileType = sourcecode.c.objc; path = AAPLCheckBoxLayer.m; sourceTree = "<group>"; };
		F11E3C081A5B4E0300353914 /* NSControl+DragInteraction.h */ = {isa = PBXFileReference; fileEncoding = 4; lastKnownFileType = sourcecode.c.h; path = "NSControl+DragInteraction.h"; sourceTree = "<group>"; };
		F11E3C091A5B4E0300353914 /* NSControl+DragInteraction.m */ = {isa = PBXFileReference; fileEncoding = 4; lastKnownFileType = sourcecode.c.objc; path = "NSControl+DragInteraction.m"; sourceTree = "<group>"; };
		F12A38921A12B6C000611257 /* Lists.entitlements */ = {isa = PBXFileReference; lastKnownFileType = text.xml; path = Lists.entitlements; sourceTree = "<group>"; };
		F14B360F1A1441C000AFD5C9 /* icon.icns */ = {isa = PBXFileReference; lastKnownFileType = image.icns; path = icon.icns; sourceTree = "<group>"; };
		F14B36111A1443A600AFD5C9 /* Lists.icns */ = {isa = PBXFileReference; lastKnownFileType = image.icns; path = Lists.icns; sourceTree = "<group>"; };
		F14B36131A145ADF00AFD5C9 /* PulseView.h */ = {isa = PBXFileReference; fileEncoding = 4; lastKnownFileType = sourcecode.c.h; path = PulseView.h; sourceTree = "<group>"; };
		F14B36141A145ADF00AFD5C9 /* PulseView.m */ = {isa = PBXFileReference; fileEncoding = 4; lastKnownFileType = sourcecode.c.objc; path = PulseView.m; sourceTree = "<group>"; };
		F14F4BD31ED2E3E500D63659 /* SDWActivityDisplayItem.h */ = {isa = PBXFileReference; fileEncoding = 4; lastKnownFileType = sourcecode.c.h; path = SDWActivityDisplayItem.h; sourceTree = "<group>"; };
		F14F4BD41ED2E3E500D63659 /* SDWActivityDisplayItem.m */ = {isa = PBXFileReference; fileEncoding = 4; lastKnownFileType = sourcecode.c.objc; path = SDWActivityDisplayItem.m; sourceTree = "<group>"; };
		F1610E661A8BF3D000DECA86 /* SDWSingleCardTableCellView.h */ = {isa = PBXFileReference; fileEncoding = 4; lastKnownFileType = sourcecode.c.h; path = SDWSingleCardTableCellView.h; sourceTree = "<group>"; };
		F1610E671A8BF3D000DECA86 /* SDWSingleCardTableCellView.m */ = {isa = PBXFileReference; fileEncoding = 4; lastKnownFileType = sourcecode.c.objc; path = SDWSingleCardTableCellView.m; sourceTree = "<group>"; };
		F1624CD21ED2BED6003F0EA7 /* _SDWMActivity.h */ = {isa = PBXFileReference; fileEncoding = 4; lastKnownFileType = sourcecode.c.h; path = _SDWMActivity.h; sourceTree = "<group>"; };
		F1624CD31ED2BED6003F0EA7 /* _SDWMActivity.m */ = {isa = PBXFileReference; fileEncoding = 4; lastKnownFileType = sourcecode.c.objc; path = _SDWMActivity.m; sourceTree = "<group>"; };
		F1624CD41ED2BED6003F0EA7 /* SDWMActivity.h */ = {isa = PBXFileReference; fileEncoding = 4; lastKnownFileType = sourcecode.c.h; path = SDWMActivity.h; sourceTree = "<group>"; };
		F1624CD51ED2BED6003F0EA7 /* SDWMActivity.m */ = {isa = PBXFileReference; fileEncoding = 4; lastKnownFileType = sourcecode.c.objc; path = SDWMActivity.m; sourceTree = "<group>"; };
		F18089B91A280B7000A701B7 /* Credits.rtf */ = {isa = PBXFileReference; fileEncoding = 4; lastKnownFileType = text.rtf; path = Credits.rtf; sourceTree = "<group>"; };
		F18B583C1ECE0D6700884CDC /* SDWCardDisplayItem.h */ = {isa = PBXFileReference; fileEncoding = 4; lastKnownFileType = sourcecode.c.h; path = SDWCardDisplayItem.h; sourceTree = "<group>"; };
		F18B583D1ECE0D6700884CDC /* SDWCardDisplayItem.m */ = {isa = PBXFileReference; fileEncoding = 4; lastKnownFileType = sourcecode.c.objc; path = SDWCardDisplayItem.m; sourceTree = "<group>"; };
		F18B583F1ECE0D7A00884CDC /* SDWBoardDisplayItem.h */ = {isa = PBXFileReference; fileEncoding = 4; lastKnownFileType = sourcecode.c.h; path = SDWBoardDisplayItem.h; sourceTree = "<group>"; };
		F18B58401ECE0D7A00884CDC /* SDWBoardDisplayItem.m */ = {isa = PBXFileReference; fileEncoding = 4; lastKnownFileType = sourcecode.c.objc; path = SDWBoardDisplayItem.m; sourceTree = "<group>"; };
		F18B58421ECE0D9200884CDC /* SDWLabelDisplayItem.h */ = {isa = PBXFileReference; fileEncoding = 4; lastKnownFileType = sourcecode.c.h; path = SDWLabelDisplayItem.h; sourceTree = "<group>"; };
		F18B58431ECE0D9200884CDC /* SDWLabelDisplayItem.m */ = {isa = PBXFileReference; fileEncoding = 4; lastKnownFileType = sourcecode.c.objc; path = SDWLabelDisplayItem.m; sourceTree = "<group>"; };
		F18B58451ECE0DE700884CDC /* SDWListDisplayItem.h */ = {isa = PBXFileReference; fileEncoding = 4; lastKnownFileType = sourcecode.c.h; path = SDWListDisplayItem.h; sourceTree = "<group>"; };
		F18B58461ECE0DE700884CDC /* SDWListDisplayItem.m */ = {isa = PBXFileReference; fileEncoding = 4; lastKnownFileType = sourcecode.c.objc; path = SDWListDisplayItem.m; sourceTree = "<group>"; };
		F18B58481ECE0E4600884CDC /* SDWUserDisplayItem.h */ = {isa = PBXFileReference; fileEncoding = 4; lastKnownFileType = sourcecode.c.h; path = SDWUserDisplayItem.h; sourceTree = "<group>"; };
		F18B58491ECE0E4600884CDC /* SDWUserDisplayItem.m */ = {isa = PBXFileReference; fileEncoding = 4; lastKnownFileType = sourcecode.c.objc; path = SDWUserDisplayItem.m; sourceTree = "<group>"; };
		F18B584B1ECE0E8100884CDC /* SDWChecklistDisplayItem.h */ = {isa = PBXFileReference; fileEncoding = 4; lastKnownFileType = sourcecode.c.h; path = SDWChecklistDisplayItem.h; sourceTree = "<group>"; };
		F18B584C1ECE0E8100884CDC /* SDWChecklistDisplayItem.m */ = {isa = PBXFileReference; fileEncoding = 4; lastKnownFileType = sourcecode.c.objc; path = SDWChecklistDisplayItem.m; sourceTree = "<group>"; };
		F18B584E1ECE0E9C00884CDC /* SDWChecklistItemDisplayItem.h */ = {isa = PBXFileReference; fileEncoding = 4; lastKnownFileType = sourcecode.c.h; path = SDWChecklistItemDisplayItem.h; sourceTree = "<group>"; };
		F18B584F1ECE0E9C00884CDC /* SDWChecklistItemDisplayItem.m */ = {isa = PBXFileReference; fileEncoding = 4; lastKnownFileType = sourcecode.c.objc; path = SDWChecklistItemDisplayItem.m; sourceTree = "<group>"; };
		F1918A961A3D2FBD00CD22CE /* SDWCardDetailBox.h */ = {isa = PBXFileReference; fileEncoding = 4; lastKnownFileType = sourcecode.c.h; path = SDWCardDetailBox.h; sourceTree = "<group>"; };
		F1918A971A3D2FBD00CD22CE /* SDWCardDetailBox.m */ = {isa = PBXFileReference; fileEncoding = 4; lastKnownFileType = sourcecode.c.objc; path = SDWCardDetailBox.m; sourceTree = "<group>"; };
		F1918A991A3D535200CD22CE /* SDWCardCalendarVC.h */ = {isa = PBXFileReference; fileEncoding = 4; lastKnownFileType = sourcecode.c.h; path = SDWCardCalendarVC.h; sourceTree = "<group>"; };
		F1918A9A1A3D535200CD22CE /* SDWCardCalendarVC.m */ = {isa = PBXFileReference; fileEncoding = 4; lastKnownFileType = sourcecode.c.objc; path = SDWCardCalendarVC.m; sourceTree = "<group>"; };
		F1918AA91A3F819900CD22CE /* JWCTableView.h */ = {isa = PBXFileReference; fileEncoding = 4; lastKnownFileType = sourcecode.c.h; path = JWCTableView.h; sourceTree = "<group>"; };
		F1918AAA1A3F819900CD22CE /* JWCTableView.m */ = {isa = PBXFileReference; fileEncoding = 4; lastKnownFileType = sourcecode.c.objc; path = JWCTableView.m; sourceTree = "<group>"; };
		F1918AAC1A3F9DBA00CD22CE /* SDWActivityTableCellView.h */ = {isa = PBXFileReference; fileEncoding = 4; lastKnownFileType = sourcecode.c.h; path = SDWActivityTableCellView.h; sourceTree = "<group>"; };
		F1918AAD1A3F9DBA00CD22CE /* SDWActivityTableCellView.m */ = {isa = PBXFileReference; fileEncoding = 4; lastKnownFileType = sourcecode.c.objc; path = SDWActivityTableCellView.m; sourceTree = "<group>"; };
		F1AF66F01EBF16D5009F230F /* SDWTreeView.h */ = {isa = PBXFileReference; fileEncoding = 4; lastKnownFileType = sourcecode.c.h; path = SDWTreeView.h; sourceTree = "<group>"; };
		F1AF66F11EBF1C21009F230F /* _SDWMList.h */ = {isa = PBXFileReference; fileEncoding = 4; lastKnownFileType = sourcecode.c.h; path = _SDWMList.h; sourceTree = "<group>"; };
		F1AF66F21EBF1C21009F230F /* _SDWMList.m */ = {isa = PBXFileReference; fileEncoding = 4; lastKnownFileType = sourcecode.c.objc; path = _SDWMList.m; sourceTree = "<group>"; };
		F1AF66F31EBF1C21009F230F /* SDWMList.h */ = {isa = PBXFileReference; fileEncoding = 4; lastKnownFileType = sourcecode.c.h; path = SDWMList.h; sourceTree = "<group>"; };
		F1AF66F41EBF1C21009F230F /* SDWMList.m */ = {isa = PBXFileReference; fileEncoding = 4; lastKnownFileType = sourcecode.c.objc; path = SDWMList.m; sourceTree = "<group>"; };
		F1B3AB841A04E9A400927CB9 /* WebKit.framework */ = {isa = PBXFileReference; lastKnownFileType = wrapper.framework; name = WebKit.framework; path = System/Library/Frameworks/WebKit.framework; sourceTree = SDKROOT; };
		F1C4549B1A23EAB5002FFAF6 /* SDWMainWindow.h */ = {isa = PBXFileReference; fileEncoding = 4; lastKnownFileType = sourcecode.c.h; path = SDWMainWindow.h; sourceTree = "<group>"; };
		F1C4549C1A23EAB5002FFAF6 /* SDWMainWindow.m */ = {isa = PBXFileReference; fileEncoding = 4; lastKnownFileType = sourcecode.c.objc; path = SDWMainWindow.m; sourceTree = "<group>"; };
		F1C4549E1A23ED0A002FFAF6 /* SDWShortcutsManager.h */ = {isa = PBXFileReference; fileEncoding = 4; lastKnownFileType = sourcecode.c.h; path = SDWShortcutsManager.h; sourceTree = "<group>"; };
		F1C4549F1A23ED0A002FFAF6 /* SDWShortcutsManager.m */ = {isa = PBXFileReference; fileEncoding = 4; lastKnownFileType = sourcecode.c.objc; path = SDWShortcutsManager.m; sourceTree = "<group>"; };
		F1C454A81A2534BF002FFAF6 /* SDWProgressIndicator.h */ = {isa = PBXFileReference; fileEncoding = 4; lastKnownFileType = sourcecode.c.h; path = SDWProgressIndicator.h; sourceTree = "<group>"; };
		F1C454A91A2534BF002FFAF6 /* SDWProgressIndicator.m */ = {isa = PBXFileReference; fileEncoding = 4; lastKnownFileType = sourcecode.c.objc; path = SDWProgressIndicator.m; sourceTree = "<group>"; };
		F1C454AB1A267AE7002FFAF6 /* SDWLiveUpdateManager.h */ = {isa = PBXFileReference; fileEncoding = 4; lastKnownFileType = sourcecode.c.h; path = SDWLiveUpdateManager.h; sourceTree = "<group>"; };
		F1C454AC1A267AE7002FFAF6 /* SDWLiveUpdateManager.m */ = {isa = PBXFileReference; fileEncoding = 4; lastKnownFileType = sourcecode.c.objc; path = SDWLiveUpdateManager.m; sourceTree = "<group>"; };
		F1D9ACA61A3CEA380067B119 /* SDWCardDetailsTextView.h */ = {isa = PBXFileReference; fileEncoding = 4; lastKnownFileType = sourcecode.c.h; path = SDWCardDetailsTextView.h; sourceTree = "<group>"; };
		F1D9ACA71A3CEA380067B119 /* SDWCardDetailsTextView.m */ = {isa = PBXFileReference; fileEncoding = 4; lastKnownFileType = sourcecode.c.objc; path = SDWCardDetailsTextView.m; sourceTree = "<group>"; };
		F1F54DB41D76DFD700941906 /* SDWModalEditVC.h */ = {isa = PBXFileReference; fileEncoding = 4; lastKnownFileType = sourcecode.c.h; path = SDWModalEditVC.h; sourceTree = "<group>"; };
		F1F54DB51D76DFD700941906 /* SDWModalEditVC.m */ = {isa = PBXFileReference; fileEncoding = 4; lastKnownFileType = sourcecode.c.objc; path = SDWModalEditVC.m; sourceTree = "<group>"; };
		F1F54DB81D77102C00941906 /* SDWAddNamedItemTextField.h */ = {isa = PBXFileReference; fileEncoding = 4; lastKnownFileType = sourcecode.c.h; path = SDWAddNamedItemTextField.h; sourceTree = "<group>"; };
		F1F54DB91D77102C00941906 /* SDWAddNamedItemTextField.m */ = {isa = PBXFileReference; fileEncoding = 4; lastKnownFileType = sourcecode.c.objc; path = SDWAddNamedItemTextField.m; sourceTree = "<group>"; };
		F1F8D8C222451DAF00838563 /* IBMPlexSerif-Regular.otf */ = {isa = PBXFileReference; lastKnownFileType = file; path = "IBMPlexSerif-Regular.otf"; sourceTree = "<group>"; };
		F1F8D8C322451DAF00838563 /* IBMPlexSerif-SemiBold.otf */ = {isa = PBXFileReference; lastKnownFileType = file; path = "IBMPlexSerif-SemiBold.otf"; sourceTree = "<group>"; };
		F1F8D8C422451DAF00838563 /* IBMPlexSerif-Text.otf */ = {isa = PBXFileReference; lastKnownFileType = file; path = "IBMPlexSerif-Text.otf"; sourceTree = "<group>"; };
		F1F8D8C822451DBE00838563 /* IBMPlexSans-SemiBold.otf */ = {isa = PBXFileReference; lastKnownFileType = file; path = "IBMPlexSans-SemiBold.otf"; sourceTree = "<group>"; };
		F1F8D8C922451DBE00838563 /* IBMPlexSans-Text.otf */ = {isa = PBXFileReference; lastKnownFileType = file; path = "IBMPlexSans-Text.otf"; sourceTree = "<group>"; };
		F1F8D8CA22451DBE00838563 /* IBMPlexSans-Regular.otf */ = {isa = PBXFileReference; lastKnownFileType = file; path = "IBMPlexSans-Regular.otf"; sourceTree = "<group>"; };
/* End PBXFileReference section */

/* Begin PBXFrameworksBuildPhase section */
		F119AE7119FD4CFC0061D7DF /* Frameworks */ = {
			isa = PBXFrameworksBuildPhase;
			buildActionMask = 2147483647;
			files = (
				F10E13101EBCA2540044802C /* CoreData.framework in Frameworks */,
				F1B3AB851A04E9A400927CB9 /* WebKit.framework in Frameworks */,
				B5F947BBE75634A58531207D /* libPods-Lists.a in Frameworks */,
			);
			runOnlyForDeploymentPostprocessing = 0;
		};
/* End PBXFrameworksBuildPhase section */

/* Begin PBXGroup section */
		50F075A65464C71CC13032E6 /* Pods */ = {
			isa = PBXGroup;
			children = (
				CF59BFBDD3F2246FB11E10BF /* Pods-Lists.debug.xcconfig */,
				3F9F8E33CAEB544DB8F90D5B /* Pods-Lists.release.xcconfig */,
			);
			name = Pods;
			sourceTree = "<group>";
		};
		F10AA9E21A12AFD800FD4E85 /* Lists */ = {
			isa = PBXGroup;
			children = (
				F12A38921A12B6C000611257 /* Lists.entitlements */,
				F10AA9E31A12AFD800FD4E85 /* AppDelegate.h */,
				F10AA9E41A12AFD800FD4E85 /* AppDelegate.m */,
				F1F8D8C122451D8700838563 /* Fonts */,
				F10AA9E51A12AFD800FD4E85 /* Main.storyboard */,
				F10AA9E71A12AFD800FD4E85 /* Classes */,
				F10AAA2D1A12AFD800FD4E85 /* Images.xcassets */,
				F10AAA2E1A12AFD800FD4E85 /* Info.plist */,
				F18089B91A280B7000A701B7 /* Credits.rtf */,
				F10AAA2F1A12AFD800FD4E85 /* main.m */,
			);
			path = Lists;
			sourceTree = "<group>";
		};
		F10AA9E71A12AFD800FD4E85 /* Classes */ = {
			isa = PBXGroup;
			children = (
				F1621D8C1EC8549B002DEE68 /* DisplayModel */,
				F10E134C1EBCB3380044802C /* Mapping */,
				F10E130C1EBCA1040044802C /* Protocols */,
				F10E13081EBC920A0044802C /* DataModel */,
				F10E13041EBC8E0D0044802C /* Managers */,
				F10AA9E81A12AFD800FD4E85 /* BoardList */,
				F10AA9F11A12AFD800FD4E85 /* CardInspector */,
				F10AA9F41A12AFD800FD4E85 /* CardList */,
				F10AAA011A12AFD800FD4E85 /* Login */,
				F10AAA151A12AFD800FD4E85 /* Network */,
				F10AAA181A12AFD800FD4E85 /* SDWMainSplitController.h */,
				F10AAA191A12AFD800FD4E85 /* SDWMainSplitController.m */,
				F1F54DB41D76DFD700941906 /* SDWModalEditVC.h */,
				F1F54DB51D76DFD700941906 /* SDWModalEditVC.m */,
				F1F54DB81D77102C00941906 /* SDWAddNamedItemTextField.h */,
				F1F54DB91D77102C00941906 /* SDWAddNamedItemTextField.m */,
				F10AAA1A1A12AFD800FD4E85 /* SDWMainSplitView.h */,
				F10AAA1B1A12AFD800FD4E85 /* SDWMainSplitView.m */,
				F10AAA1C1A12AFD800FD4E85 /* SDWMainWindowController.h */,
				F10AAA1D1A12AFD800FD4E85 /* SDWMainWindowController.m */,
				F1C4549B1A23EAB5002FFAF6 /* SDWMainWindow.h */,
				F1C4549C1A23EAB5002FFAF6 /* SDWMainWindow.m */,
				F10AAA1E1A12AFD800FD4E85 /* Utils */,
				F10E13581EBCE6EA0044802C /* SDWMacros.h */,
			);
			path = Classes;
			sourceTree = "<group>";
		};
		F10AA9E81A12AFD800FD4E85 /* BoardList */ = {
			isa = PBXGroup;
			children = (
				F10AA9E91A12AFD800FD4E85 /* SDWBoardsCellView.h */,
				F10AA9EA1A12AFD800FD4E85 /* SDWBoardsCellView.m */,
				F10AA9EB1A12AFD800FD4E85 /* SDWBoardsController.h */,
				F10AA9EC1A12AFD800FD4E85 /* SDWBoardsController.m */,
				F10AA9ED1A12AFD800FD4E85 /* SDWBoardsListRow.h */,
				F10AA9EE1A12AFD800FD4E85 /* SDWBoardsListRow.m */,
				F10AA9EF1A12AFD800FD4E85 /* WSCBoardsOutlineView.h */,
				F10AA9F01A12AFD800FD4E85 /* WSCBoardsOutlineView.m */,
			);
			path = BoardList;
			sourceTree = "<group>";
		};
		F10AA9F11A12AFD800FD4E85 /* CardInspector */ = {
			isa = PBXGroup;
			children = (
				F1918A961A3D2FBD00CD22CE /* SDWCardDetailBox.h */,
				F1918A971A3D2FBD00CD22CE /* SDWCardDetailBox.m */,
				F1D9ACA61A3CEA380067B119 /* SDWCardDetailsTextView.h */,
				F1D9ACA71A3CEA380067B119 /* SDWCardDetailsTextView.m */,
				F10AA9F51A12AFD800FD4E85 /* SDWCardDetailsTextField.h */,
				F10AA9F61A12AFD800FD4E85 /* SDWCardDetailsTextField.m */,
				F10AA9F21A12AFD800FD4E85 /* SDWCardViewController.h */,
				F10AA9F31A12AFD800FD4E85 /* SDWCardViewController.m */,
				F1918A991A3D535200CD22CE /* SDWCardCalendarVC.h */,
				F1918A9A1A3D535200CD22CE /* SDWCardCalendarVC.m */,
				F11E3BFE1A5908B700353914 /* SDWCheckItemTableCellView.h */,
				F11E3BFF1A5908B700353914 /* SDWCheckItemTableCellView.m */,
				F1918AAC1A3F9DBA00CD22CE /* SDWActivityTableCellView.h */,
				F1918AAD1A3F9DBA00CD22CE /* SDWActivityTableCellView.m */,
			);
			path = CardInspector;
			sourceTree = "<group>";
		};
		F10AA9F41A12AFD800FD4E85 /* CardList */ = {
			isa = PBXGroup;
			children = (
				F14B36131A145ADF00AFD5C9 /* PulseView.h */,
				F14B36141A145ADF00AFD5C9 /* PulseView.m */,
				F10AA9F71A12AFD800FD4E85 /* SDWCardListView.h */,
				F10AA9F81A12AFD800FD4E85 /* SDWCardListView.m */,
				F10AA9FD1A12AFD800FD4E85 /* SDWCardsController.h */,
				F10AA9FE1A12AFD800FD4E85 /* SDWCardsController.m */,
				F1610E661A8BF3D000DECA86 /* SDWSingleCardTableCellView.h */,
				F1610E671A8BF3D000DECA86 /* SDWSingleCardTableCellView.m */,
			);
			path = CardList;
			sourceTree = "<group>";
		};
		F10AAA011A12AFD800FD4E85 /* Login */ = {
			isa = PBXGroup;
			children = (
				F10AAA021A12AFD800FD4E85 /* SDWLoginVC.h */,
				F10AAA031A12AFD800FD4E85 /* SDWLoginVC.m */,
			);
			path = Login;
			sourceTree = "<group>";
		};
		F10AAA151A12AFD800FD4E85 /* Network */ = {
			isa = PBXGroup;
			children = (
				F11E3BF51A58AA3900353914 /* SDWTrelloStore.h */,
				F11E3BF61A58AA3900353914 /* SDWTrelloStore.m */,
				F10AAA161A12AFD800FD4E85 /* AFTrelloAPIClient.h */,
				F10AAA171A12AFD800FD4E85 /* AFTrelloAPIClient.m */,
			);
			path = Network;
			sourceTree = "<group>";
		};
		F10AAA1E1A12AFD800FD4E85 /* Utils */ = {
			isa = PBXGroup;
			children = (
				F10AAA1F1A12AFD800FD4E85 /* NSColor+Util.h */,
				F10AAA201A12AFD800FD4E85 /* NSColor+Util.m */,
				F10AAA211A12AFD800FD4E85 /* NSImage+HHTint.h */,
				F10AAA221A12AFD800FD4E85 /* NSImage+HHTint.m */,
				F10AAA231A12AFD800FD4E85 /* NSImage+Util.h */,
				F10AAA241A12AFD800FD4E85 /* NSImage+Util.m */,
				F10AAA251A12AFD800FD4E85 /* NSView+Utils.h */,
				F10AAA261A12AFD800FD4E85 /* NSView+Utils.m */,
				F10AAA271A12AFD800FD4E85 /* SDWAppSettings.h */,
				F10AAA281A12AFD800FD4E85 /* SDWAppSettings.m */,
				F10AAA291A12AFD800FD4E85 /* SDWScroller.h */,
				F10AAA2A1A12AFD800FD4E85 /* SDWScroller.m */,
				F10AAA2B1A12AFD800FD4E85 /* Utils.h */,
				F10AAA2C1A12AFD800FD4E85 /* Utils.m */,
				F1C454A81A2534BF002FFAF6 /* SDWProgressIndicator.h */,
				F1C454A91A2534BF002FFAF6 /* SDWProgressIndicator.m */,
				F1C454AB1A267AE7002FFAF6 /* SDWLiveUpdateManager.h */,
				F1C454AC1A267AE7002FFAF6 /* SDWLiveUpdateManager.m */,
				F1C4549E1A23ED0A002FFAF6 /* SDWShortcutsManager.h */,
				F1C4549F1A23ED0A002FFAF6 /* SDWShortcutsManager.m */,
				F11E3C081A5B4E0300353914 /* NSControl+DragInteraction.h */,
				F11E3C091A5B4E0300353914 /* NSControl+DragInteraction.m */,
			);
			path = Utils;
			sourceTree = "<group>";
		};
		F10AAA301A12AFD800FD4E85 /* Vendor */ = {
			isa = PBXGroup;
			children = (
				F11E3C011A591B5900353914 /* AAPLCheckBox */,
				F1918AA81A3F819900CD22CE /* JWCTableView */,
				F10AAA311A12AFD800FD4E85 /* AFNetworking */,
				F10AAA451A12AFD800FD4E85 /* ITSwitch */,
				F10AAA481A12AFD800FD4E85 /* Xtrace */,
			);
			path = Vendor;
			sourceTree = "<group>";
		};
		F10AAA311A12AFD800FD4E85 /* AFNetworking */ = {
			isa = PBXGroup;
			children = (
				F10AAA321A12AFD800FD4E85 /* AFHTTPRequestOperation.h */,
				F10AAA331A12AFD800FD4E85 /* AFHTTPRequestOperation.m */,
				F10AAA341A12AFD800FD4E85 /* AFHTTPRequestOperationManager.h */,
				F10AAA351A12AFD800FD4E85 /* AFHTTPRequestOperationManager.m */,
				F10AAA361A12AFD800FD4E85 /* AFHTTPSessionManager.h */,
				F10AAA371A12AFD800FD4E85 /* AFHTTPSessionManager.m */,
				F10AAA381A12AFD800FD4E85 /* AFNetworking.h */,
				F10AAA391A12AFD800FD4E85 /* AFNetworkReachabilityManager.h */,
				F10AAA3A1A12AFD800FD4E85 /* AFNetworkReachabilityManager.m */,
				F10AAA3B1A12AFD800FD4E85 /* AFSecurityPolicy.h */,
				F10AAA3C1A12AFD800FD4E85 /* AFSecurityPolicy.m */,
				F10AAA3D1A12AFD800FD4E85 /* AFURLConnectionOperation.h */,
				F10AAA3E1A12AFD800FD4E85 /* AFURLConnectionOperation.m */,
				F10AAA3F1A12AFD800FD4E85 /* AFURLRequestSerialization.h */,
				F10AAA401A12AFD800FD4E85 /* AFURLRequestSerialization.m */,
				F10AAA411A12AFD800FD4E85 /* AFURLResponseSerialization.h */,
				F10AAA421A12AFD800FD4E85 /* AFURLResponseSerialization.m */,
				F10AAA431A12AFD800FD4E85 /* AFURLSessionManager.h */,
				F10AAA441A12AFD800FD4E85 /* AFURLSessionManager.m */,
			);
			path = AFNetworking;
			sourceTree = "<group>";
		};
		F10AAA451A12AFD800FD4E85 /* ITSwitch */ = {
			isa = PBXGroup;
			children = (
				F10AAA461A12AFD800FD4E85 /* ITSwitch.h */,
				F10AAA471A12AFD800FD4E85 /* ITSwitch.m */,
			);
			path = ITSwitch;
			sourceTree = "<group>";
		};
		F10AAA481A12AFD800FD4E85 /* Xtrace */ = {
			isa = PBXGroup;
			children = (
				F10AAA491A12AFD800FD4E85 /* Xtrace.h */,
				F10AAA4A1A12AFD800FD4E85 /* Xtrace.mm */,
			);
			path = Xtrace;
			sourceTree = "<group>";
		};
		F10E13041EBC8E0D0044802C /* Managers */ = {
			isa = PBXGroup;
			children = (
				F10E13051EBC8E420044802C /* SDWDataModelManager.h */,
				F10E13061EBC8E420044802C /* SDWDataModelManager.m */,
			);
			path = Managers;
			sourceTree = "<group>";
		};
		F10E13081EBC920A0044802C /* DataModel */ = {
			isa = PBXGroup;
			children = (
				F1624CD21ED2BED6003F0EA7 /* _SDWMActivity.h */,
				F1624CD31ED2BED6003F0EA7 /* _SDWMActivity.m */,
				F1624CD41ED2BED6003F0EA7 /* SDWMActivity.h */,
				F1624CD51ED2BED6003F0EA7 /* SDWMActivity.m */,
				F1AF66F11EBF1C21009F230F /* _SDWMList.h */,
				F1AF66F21EBF1C21009F230F /* _SDWMList.m */,
				F1AF66F31EBF1C21009F230F /* SDWMList.h */,
				F1AF66F41EBF1C21009F230F /* SDWMList.m */,
				F10E133A1EBCAFE30044802C /* _SDWMBoard.h */,
				F10E133B1EBCAFE30044802C /* _SDWMBoard.m */,
				F10E133C1EBCAFE30044802C /* _SDWMCard.h */,
				F10E133D1EBCAFE30044802C /* _SDWMCard.m */,
				F10E133E1EBCAFE30044802C /* _SDWMChecklist.h */,
				F10E133F1EBCAFE30044802C /* _SDWMChecklist.m */,
				F10E13401EBCAFE30044802C /* _SDWMChecklistItem.h */,
				F10E13411EBCAFE30044802C /* _SDWMChecklistItem.m */,
				F10E13421EBCAFE30044802C /* _SDWMLabel.h */,
				F10E13431EBCAFE30044802C /* _SDWMLabel.m */,
				F10E13441EBCAFE30044802C /* _SDWMUser.h */,
				F10E13451EBCAFE30044802C /* _SDWMUser.m */,
				F10E13281EBCAFDA0044802C /* SDWMBoard.h */,
				F10E13291EBCAFDA0044802C /* SDWMBoard.m */,
				F10E132A1EBCAFDA0044802C /* SDWMCard.h */,
				F10E132B1EBCAFDA0044802C /* SDWMCard.m */,
				F10E132C1EBCAFDA0044802C /* SDWMChecklist.h */,
				F10E132D1EBCAFDA0044802C /* SDWMChecklist.m */,
				F10E132E1EBCAFDA0044802C /* SDWMChecklistItem.h */,
				F10E132F1EBCAFDA0044802C /* SDWMChecklistItem.m */,
				F10E13301EBCAFDA0044802C /* SDWMLabel.h */,
				F10E13311EBCAFDA0044802C /* SDWMLabel.m */,
				F10E13321EBCAFDA0044802C /* SDWMUser.h */,
				F10E13331EBCAFDA0044802C /* SDWMUser.m */,
				F10E13091EBC922B0044802C /* listsmodel.xcdatamodeld */,
			);
			path = DataModel;
			sourceTree = "<group>";
		};
		F10E130C1EBCA1040044802C /* Protocols */ = {
			isa = PBXGroup;
			children = (
				F10E130D1EBCA13C0044802C /* SDWObjectMapping.h */,
				F1AF66F01EBF16D5009F230F /* SDWTreeView.h */,
			);
			path = Protocols;
			sourceTree = "<group>";
		};
		F10E130E1EBCA2540044802C /* Frameworks */ = {
			isa = PBXGroup;
			children = (
				F10E130F1EBCA2540044802C /* CoreData.framework */,
				34B0998BCC3BC8ED27C33131 /* libPods-Lists.a */,
			);
			name = Frameworks;
			sourceTree = "<group>";
		};
		F10E134C1EBCB3380044802C /* Mapping */ = {
			isa = PBXGroup;
			children = (
				F10E13521EBCB4360044802C /* FEMAttribute+listsAttributes.h */,
				F10E13531EBCB4360044802C /* FEMAttribute+listsAttributes.m */,
				F10E134F1EBCB36E0044802C /* SDWMappingConstants.h */,
				F10E13501EBCB36E0044802C /* SDWMappingConstants.m */,
				F10E13551EBCE4BC0044802C /* SDWMapper.h */,
				F10E13561EBCE4BC0044802C /* SDWMapper.m */,
			);
			path = Mapping;
			sourceTree = "<group>";
		};
		F119AE6B19FD4CFC0061D7DF = {
			isa = PBXGroup;
			children = (
				F14B36111A1443A600AFD5C9 /* Lists.icns */,
				F14B360F1A1441C000AFD5C9 /* icon.icns */,
				F10AA9E21A12AFD800FD4E85 /* Lists */,
				F10AAA301A12AFD800FD4E85 /* Vendor */,
				F1B3AB841A04E9A400927CB9 /* WebKit.framework */,
				F119AE7519FD4CFC0061D7DF /* Products */,
				F10E130E1EBCA2540044802C /* Frameworks */,
				50F075A65464C71CC13032E6 /* Pods */,
			);
			sourceTree = "<group>";
		};
		F119AE7519FD4CFC0061D7DF /* Products */ = {
			isa = PBXGroup;
			children = (
				F119AE7419FD4CFC0061D7DF /* Lists.app */,
			);
			name = Products;
			sourceTree = "<group>";
		};
		F11E3C011A591B5900353914 /* AAPLCheckBox */ = {
			isa = PBXGroup;
			children = (
				F11E3C021A591B5900353914 /* AAPLCheckBox.h */,
				F11E3C031A591B5900353914 /* AAPLCheckBox.m */,
				F11E3C041A591B5900353914 /* AAPLCheckBoxLayer.h */,
				F11E3C051A591B5900353914 /* AAPLCheckBoxLayer.m */,
			);
			path = AAPLCheckBox;
			sourceTree = "<group>";
		};
		F1621D8C1EC8549B002DEE68 /* DisplayModel */ = {
			isa = PBXGroup;
			children = (
				F14F4BD31ED2E3E500D63659 /* SDWActivityDisplayItem.h */,
				F14F4BD41ED2E3E500D63659 /* SDWActivityDisplayItem.m */,
				F18B583C1ECE0D6700884CDC /* SDWCardDisplayItem.h */,
				F18B583D1ECE0D6700884CDC /* SDWCardDisplayItem.m */,
				F18B583F1ECE0D7A00884CDC /* SDWBoardDisplayItem.h */,
				F18B58401ECE0D7A00884CDC /* SDWBoardDisplayItem.m */,
				F18B58421ECE0D9200884CDC /* SDWLabelDisplayItem.h */,
				F18B58431ECE0D9200884CDC /* SDWLabelDisplayItem.m */,
				F18B58451ECE0DE700884CDC /* SDWListDisplayItem.h */,
				F18B58461ECE0DE700884CDC /* SDWListDisplayItem.m */,
				F18B58481ECE0E4600884CDC /* SDWUserDisplayItem.h */,
				F18B58491ECE0E4600884CDC /* SDWUserDisplayItem.m */,
				F18B584B1ECE0E8100884CDC /* SDWChecklistDisplayItem.h */,
				F18B584C1ECE0E8100884CDC /* SDWChecklistDisplayItem.m */,
				F18B584E1ECE0E9C00884CDC /* SDWChecklistItemDisplayItem.h */,
				F18B584F1ECE0E9C00884CDC /* SDWChecklistItemDisplayItem.m */,
			);
			path = DisplayModel;
			sourceTree = "<group>";
		};
		F1918AA81A3F819900CD22CE /* JWCTableView */ = {
			isa = PBXGroup;
			children = (
				F1918AA91A3F819900CD22CE /* JWCTableView.h */,
				F1918AAA1A3F819900CD22CE /* JWCTableView.m */,
			);
			path = JWCTableView;
			sourceTree = "<group>";
		};
		F1F8D8C122451D8700838563 /* Fonts */ = {
			isa = PBXGroup;
			children = (
				F1F8D8CA22451DBE00838563 /* IBMPlexSans-Regular.otf */,
				F1F8D8C822451DBE00838563 /* IBMPlexSans-SemiBold.otf */,
				F1F8D8C922451DBE00838563 /* IBMPlexSans-Text.otf */,
				F1F8D8C222451DAF00838563 /* IBMPlexSerif-Regular.otf */,
				F1F8D8C322451DAF00838563 /* IBMPlexSerif-SemiBold.otf */,
				F1F8D8C422451DAF00838563 /* IBMPlexSerif-Text.otf */,
			);
			path = Fonts;
			sourceTree = "<group>";
		};
/* End PBXGroup section */

/* Begin PBXNativeTarget section */
		F119AE7319FD4CFC0061D7DF /* Lists */ = {
			isa = PBXNativeTarget;
			buildConfigurationList = F119AE9419FD4CFC0061D7DF /* Build configuration list for PBXNativeTarget "Lists" */;
			buildPhases = (
				754DD24C3127C5F561B38FAB /* [CP] Check Pods Manifest.lock */,
				F119AE7019FD4CFC0061D7DF /* Sources */,
				F119AE7119FD4CFC0061D7DF /* Frameworks */,
				F119AE7219FD4CFC0061D7DF /* Resources */,
				6D01718323A9017A2EE54CCE /* [CP] Embed Pods Frameworks */,
				CAD999274A7FF27C85340847 /* [CP] Copy Pods Resources */,
				F10417941ED3119B00D2F3B1 /* ShellScript */,
			);
			buildRules = (
			);
			dependencies = (
			);
			name = Lists;
			productName = Lists;
			productReference = F119AE7419FD4CFC0061D7DF /* Lists.app */;
			productType = "com.apple.product-type.application";
		};
/* End PBXNativeTarget section */

/* Begin PBXProject section */
		F119AE6C19FD4CFC0061D7DF /* Project object */ = {
			isa = PBXProject;
			attributes = {
				LastUpgradeCheck = 0730;
				ORGANIZATIONNAME = SDWR;
				TargetAttributes = {
					F10E13111EBCA8180044802C = {
						CreatedOnToolsVersion = 8.3.2;
						DevelopmentTeam = 43R88X5B35;
						ProvisioningStyle = Automatic;
					};
					F119AE7319FD4CFC0061D7DF = {
						CreatedOnToolsVersion = 6.1;
						DevelopmentTeam = 43R88X5B35;
						ProvisioningStyle = Automatic;
						SystemCapabilities = {
							com.apple.Sandbox = {
								enabled = 1;
							};
						};
					};
				};
			};
			buildConfigurationList = F119AE6F19FD4CFC0061D7DF /* Build configuration list for PBXProject "Lists" */;
			compatibilityVersion = "Xcode 3.2";
			developmentRegion = English;
			hasScannedForEncodings = 0;
			knownRegions = (
				en,
				Base,
			);
			mainGroup = F119AE6B19FD4CFC0061D7DF;
			productRefGroup = F119AE7519FD4CFC0061D7DF /* Products */;
			projectDirPath = "";
			projectRoot = "";
			targets = (
				F119AE7319FD4CFC0061D7DF /* Lists */,
				F10E13111EBCA8180044802C /* Mogenerator */,
			);
		};
/* End PBXProject section */

/* Begin PBXResourcesBuildPhase section */
		F119AE7219FD4CFC0061D7DF /* Resources */ = {
			isa = PBXResourcesBuildPhase;
			buildActionMask = 2147483647;
			files = (
				F1F8D8C522451DAF00838563 /* IBMPlexSerif-Regular.otf in Resources */,
				F1AF66EF1EBF12EC009F230F /* listsmodel.xcdatamodeld in Resources */,
				F18089BA1A280B7000A701B7 /* Credits.rtf in Resources */,
				F14B36121A1443A600AFD5C9 /* Lists.icns in Resources */,
				F10AAA4C1A12AFD800FD4E85 /* Main.storyboard in Resources */,
				F10AAA6C1A12AFD800FD4E85 /* Images.xcassets in Resources */,
				F1F8D8C622451DAF00838563 /* IBMPlexSerif-SemiBold.otf in Resources */,
				F1F8D8CD22451DBE00838563 /* IBMPlexSans-Regular.otf in Resources */,
				F1F8D8CC22451DBE00838563 /* IBMPlexSans-Text.otf in Resources */,
				F1F8D8CB22451DBE00838563 /* IBMPlexSans-SemiBold.otf in Resources */,
				F1F8D8C722451DAF00838563 /* IBMPlexSerif-Text.otf in Resources */,
				F14B36101A1441C000AFD5C9 /* icon.icns in Resources */,
			);
			runOnlyForDeploymentPostprocessing = 0;
		};
/* End PBXResourcesBuildPhase section */

/* Begin PBXShellScriptBuildPhase section */
		6D01718323A9017A2EE54CCE /* [CP] Embed Pods Frameworks */ = {
			isa = PBXShellScriptBuildPhase;
			buildActionMask = 2147483647;
			files = (
			);
			inputPaths = (
			);
			name = "[CP] Embed Pods Frameworks";
			outputPaths = (
			);
			runOnlyForDeploymentPostprocessing = 0;
			shellPath = /bin/sh;
			shellScript = "\"${SRCROOT}/Pods/Target Support Files/Pods-Lists/Pods-Lists-frameworks.sh\"\n";
			showEnvVarsInLog = 0;
		};
		754DD24C3127C5F561B38FAB /* [CP] Check Pods Manifest.lock */ = {
			isa = PBXShellScriptBuildPhase;
			buildActionMask = 2147483647;
			files = (
			);
			inputPaths = (
			);
			name = "[CP] Check Pods Manifest.lock";
			outputPaths = (
			);
			runOnlyForDeploymentPostprocessing = 0;
			shellPath = /bin/sh;
			shellScript = "diff \"${PODS_PODFILE_DIR_PATH}/Podfile.lock\" \"${PODS_ROOT}/Manifest.lock\" > /dev/null\nif [ $? != 0 ] ; then\n    # print error to STDERR\n    echo \"error: The sandbox is not in sync with the Podfile.lock. Run 'pod install' or update your CocoaPods installation.\" >&2\n    exit 1\nfi\n";
			showEnvVarsInLog = 0;
		};
		CAD999274A7FF27C85340847 /* [CP] Copy Pods Resources */ = {
			isa = PBXShellScriptBuildPhase;
			buildActionMask = 2147483647;
			files = (
			);
			inputPaths = (
			);
			name = "[CP] Copy Pods Resources";
			outputPaths = (
			);
			runOnlyForDeploymentPostprocessing = 0;
			shellPath = /bin/sh;
			shellScript = "\"${SRCROOT}/Pods/Target Support Files/Pods-Lists/Pods-Lists-resources.sh\"\n";
			showEnvVarsInLog = 0;
		};
		F10417941ED3119B00D2F3B1 /* ShellScript */ = {
			isa = PBXShellScriptBuildPhase;
			buildActionMask = 2147483647;
			files = (
			);
			inputPaths = (
			);
			outputPaths = (
			);
			runOnlyForDeploymentPostprocessing = 0;
			shellPath = /bin/sh;
			shellScript = "\"${PODS_ROOT}/Fabric/run\" 7afe2a1f919e83706ec88df871b173b4faf5c453 3839a1107ea2065826d0f2cc6c1d95263dc301ca2f0209be3f35956a167721f1";
		};
		F10E13151EBCA8260044802C /* ShellScript */ = {
			isa = PBXShellScriptBuildPhase;
			buildActionMask = 2147483647;
			files = (
			);
			inputPaths = (
			);
			outputPaths = (
			);
			runOnlyForDeploymentPostprocessing = 0;
			shellPath = /bin/sh;
			shellScript = "/usr/local/bin/mogenerator -m /Users/linkov/Documents/sdwr/trello-mac/Lists/Classes/DataModel/listsmodel.xcdatamodeld -O /Users/linkov/Documents/sdwr/trello-mac/Lists/Classes/DataModel --template-var arc=true --template-var modules=true";
		};
/* End PBXShellScriptBuildPhase section */

/* Begin PBXSourcesBuildPhase section */
		F119AE7019FD4CFC0061D7DF /* Sources */ = {
			isa = PBXSourcesBuildPhase;
			buildActionMask = 2147483647;
			files = (
				F1C454A01A23ED0A002FFAF6 /* SDWShortcutsManager.m in Sources */,
				F10AAA641A12AFD800FD4E85 /* SDWMainWindowController.m in Sources */,
				F1C454AD1A267AE7002FFAF6 /* SDWLiveUpdateManager.m in Sources */,
				F10AAA4E1A12AFD800FD4E85 /* SDWBoardsController.m in Sources */,
				F10AAA651A12AFD800FD4E85 /* NSColor+Util.m in Sources */,
				F10AAA771A12AFD800FD4E85 /* AFURLSessionManager.m in Sources */,
				F10AAA711A12AFD800FD4E85 /* AFHTTPSessionManager.m in Sources */,
				F1C454AA1A2534BF002FFAF6 /* SDWProgressIndicator.m in Sources */,
				F10AAA621A12AFD800FD4E85 /* SDWMainSplitController.m in Sources */,
				F10E13371EBCAFDA0044802C /* SDWMChecklistItem.m in Sources */,
				F10E13571EBCE4BC0044802C /* SDWMapper.m in Sources */,
				F14B36151A145ADF00AFD5C9 /* PulseView.m in Sources */,
				F10AAA4D1A12AFD800FD4E85 /* SDWBoardsCellView.m in Sources */,
				F10AAA691A12AFD800FD4E85 /* SDWAppSettings.m in Sources */,
				F10AAA751A12AFD800FD4E85 /* AFURLRequestSerialization.m in Sources */,
				F10E13361EBCAFDA0044802C /* SDWMChecklist.m in Sources */,
				F10E13071EBC8E420044802C /* SDWDataModelManager.m in Sources */,
				F18B583E1ECE0D6700884CDC /* SDWCardDisplayItem.m in Sources */,
				F1918AAB1A3F819900CD22CE /* JWCTableView.m in Sources */,
				F10E13471EBCAFE30044802C /* _SDWMCard.m in Sources */,
				F18B58471ECE0DE700884CDC /* SDWListDisplayItem.m in Sources */,
				F1610E681A8BF3D000DECA86 /* SDWSingleCardTableCellView.m in Sources */,
				F1F54DBA1D77102C00941906 /* SDWAddNamedItemTextField.m in Sources */,
				F10AAA731A12AFD800FD4E85 /* AFSecurityPolicy.m in Sources */,
				F10AAA521A12AFD800FD4E85 /* SDWCardDetailsTextField.m in Sources */,
				F10AAA531A12AFD800FD4E85 /* SDWCardListView.m in Sources */,
				F1918A9B1A3D535200CD22CE /* SDWCardCalendarVC.m in Sources */,
				F10AAA781A12AFD800FD4E85 /* ITSwitch.m in Sources */,
				F10E13381EBCAFDA0044802C /* SDWMLabel.m in Sources */,
				F10AAA631A12AFD800FD4E85 /* SDWMainSplitView.m in Sources */,
				F10AAA741A12AFD800FD4E85 /* AFURLConnectionOperation.m in Sources */,
				F10AAA4F1A12AFD800FD4E85 /* SDWBoardsListRow.m in Sources */,
				F1918AAE1A3F9DBA00CD22CE /* SDWActivityTableCellView.m in Sources */,
				F10AAA611A12AFD800FD4E85 /* AFTrelloAPIClient.m in Sources */,
				F10E13351EBCAFDA0044802C /* SDWMCard.m in Sources */,
				F11E3C0A1A5B4E0300353914 /* NSControl+DragInteraction.m in Sources */,
				F10AAA671A12AFD800FD4E85 /* NSImage+Util.m in Sources */,
				F10E13511EBCB36E0044802C /* SDWMappingConstants.m in Sources */,
				F10AAA581A12AFD800FD4E85 /* SDWLoginVC.m in Sources */,
				F10AAA501A12AFD800FD4E85 /* WSCBoardsOutlineView.m in Sources */,
				F11E3BF71A58AA3900353914 /* SDWTrelloStore.m in Sources */,
				F1AF66F61EBF1C21009F230F /* SDWMList.m in Sources */,
				F11E3C061A591B5900353914 /* AAPLCheckBox.m in Sources */,
				F11E3C071A591B5900353914 /* AAPLCheckBoxLayer.m in Sources */,
				F1918A981A3D2FBD00CD22CE /* SDWCardDetailBox.m in Sources */,
				F10E13341EBCAFDA0044802C /* SDWMBoard.m in Sources */,
				F10AAA6B1A12AFD800FD4E85 /* Utils.m in Sources */,
				F10AAA561A12AFD800FD4E85 /* SDWCardsController.m in Sources */,
				F1F54DB61D76DFD700941906 /* SDWModalEditVC.m in Sources */,
				F10AAA661A12AFD800FD4E85 /* NSImage+HHTint.m in Sources */,
				F10AAA4B1A12AFD800FD4E85 /* AppDelegate.m in Sources */,
				F1624CD61ED2BED6003F0EA7 /* _SDWMActivity.m in Sources */,
				F10AAA6A1A12AFD800FD4E85 /* SDWScroller.m in Sources */,
				F10E134A1EBCAFE30044802C /* _SDWMLabel.m in Sources */,
				F10AAA681A12AFD800FD4E85 /* NSView+Utils.m in Sources */,
				F18B58441ECE0D9200884CDC /* SDWLabelDisplayItem.m in Sources */,
				F11E3C001A5908B700353914 /* SDWCheckItemTableCellView.m in Sources */,
				F14F4BD51ED2E3E500D63659 /* SDWActivityDisplayItem.m in Sources */,
				F1D9ACA81A3CEA380067B119 /* SDWCardDetailsTextView.m in Sources */,
				F10AAA511A12AFD800FD4E85 /* SDWCardViewController.m in Sources */,
				F10E13541EBCB4360044802C /* FEMAttribute+listsAttributes.m in Sources */,
				F1AF66F51EBF1C21009F230F /* _SDWMList.m in Sources */,
				F10AAA791A12AFD800FD4E85 /* Xtrace.mm in Sources */,
				F10E134B1EBCAFE30044802C /* _SDWMUser.m in Sources */,
				F10AAA721A12AFD800FD4E85 /* AFNetworkReachabilityManager.m in Sources */,
				F18B58501ECE0E9C00884CDC /* SDWChecklistItemDisplayItem.m in Sources */,
				F1624CD71ED2BED6003F0EA7 /* SDWMActivity.m in Sources */,
				F10AAA6E1A12AFD800FD4E85 /* main.m in Sources */,
				F10AAA701A12AFD800FD4E85 /* AFHTTPRequestOperationManager.m in Sources */,
				F10AAA761A12AFD800FD4E85 /* AFURLResponseSerialization.m in Sources */,
				F10E13491EBCAFE30044802C /* _SDWMChecklistItem.m in Sources */,
				F18B584A1ECE0E4600884CDC /* SDWUserDisplayItem.m in Sources */,
				F10AAA6F1A12AFD800FD4E85 /* AFHTTPRequestOperation.m in Sources */,
				F18B584D1ECE0E8100884CDC /* SDWChecklistDisplayItem.m in Sources */,
				F18B58411ECE0D7A00884CDC /* SDWBoardDisplayItem.m in Sources */,
				F1C4549D1A23EAB5002FFAF6 /* SDWMainWindow.m in Sources */,
				F10E13481EBCAFE30044802C /* _SDWMChecklist.m in Sources */,
				F10E13461EBCAFE30044802C /* _SDWMBoard.m in Sources */,
				F10E13391EBCAFDA0044802C /* SDWMUser.m in Sources */,
			);
			runOnlyForDeploymentPostprocessing = 0;
		};
/* End PBXSourcesBuildPhase section */

/* Begin PBXVariantGroup section */
		F10AA9E51A12AFD800FD4E85 /* Main.storyboard */ = {
			isa = PBXVariantGroup;
			children = (
				F10AA9E61A12AFD800FD4E85 /* Base */,
			);
			name = Main.storyboard;
			sourceTree = "<group>";
		};
/* End PBXVariantGroup section */

/* Begin XCBuildConfiguration section */
		F10E13121EBCA8180044802C /* Debug */ = {
			isa = XCBuildConfiguration;
			buildSettings = {
				DEVELOPMENT_TEAM = 43R88X5B35;
				PRODUCT_NAME = "$(TARGET_NAME)";
			};
			name = Debug;
		};
		F10E13131EBCA8180044802C /* Release */ = {
			isa = XCBuildConfiguration;
			buildSettings = {
				DEVELOPMENT_TEAM = 43R88X5B35;
				PRODUCT_NAME = "$(TARGET_NAME)";
			};
			name = Release;
		};
		F119AE9219FD4CFC0061D7DF /* Debug */ = {
			isa = XCBuildConfiguration;
			buildSettings = {
				ALWAYS_SEARCH_USER_PATHS = NO;
				CLANG_CXX_LANGUAGE_STANDARD = "gnu++0x";
				CLANG_CXX_LIBRARY = "libc++";
				CLANG_ENABLE_MODULES = YES;
				CLANG_ENABLE_OBJC_ARC = YES;
				CLANG_WARN_BOOL_CONVERSION = YES;
				CLANG_WARN_CONSTANT_CONVERSION = YES;
				CLANG_WARN_DIRECT_OBJC_ISA_USAGE = YES_ERROR;
				CLANG_WARN_EMPTY_BODY = YES;
				CLANG_WARN_ENUM_CONVERSION = YES;
				CLANG_WARN_INT_CONVERSION = YES;
				CLANG_WARN_OBJC_ROOT_CLASS = YES_ERROR;
				CLANG_WARN_UNREACHABLE_CODE = YES;
				CLANG_WARN__DUPLICATE_METHOD_MATCH = YES;
				CODE_SIGN_IDENTITY = "-";
				COPY_PHASE_STRIP = NO;
				ENABLE_STRICT_OBJC_MSGSEND = YES;
				ENABLE_TESTABILITY = YES;
				GCC_C_LANGUAGE_STANDARD = gnu99;
				GCC_DYNAMIC_NO_PIC = NO;
				GCC_OPTIMIZATION_LEVEL = 0;
				GCC_PREPROCESSOR_DEFINITIONS = (
					"DEBUG=1",
					"$(inherited)",
				);
				GCC_SYMBOLS_PRIVATE_EXTERN = NO;
				GCC_WARN_64_TO_32_BIT_CONVERSION = YES;
				GCC_WARN_ABOUT_RETURN_TYPE = YES_ERROR;
				GCC_WARN_UNDECLARED_SELECTOR = YES;
				GCC_WARN_UNINITIALIZED_AUTOS = YES_AGGRESSIVE;
				GCC_WARN_UNUSED_FUNCTION = YES;
				GCC_WARN_UNUSED_VARIABLE = YES;
				MACOSX_DEPLOYMENT_TARGET = 10.10;
				MTL_ENABLE_DEBUG_INFO = YES;
				ONLY_ACTIVE_ARCH = YES;
				SDKROOT = macosx;
			};
			name = Debug;
		};
		F119AE9319FD4CFC0061D7DF /* Release */ = {
			isa = XCBuildConfiguration;
			buildSettings = {
				ALWAYS_SEARCH_USER_PATHS = NO;
				CLANG_CXX_LANGUAGE_STANDARD = "gnu++0x";
				CLANG_CXX_LIBRARY = "libc++";
				CLANG_ENABLE_MODULES = YES;
				CLANG_ENABLE_OBJC_ARC = YES;
				CLANG_WARN_BOOL_CONVERSION = YES;
				CLANG_WARN_CONSTANT_CONVERSION = YES;
				CLANG_WARN_DIRECT_OBJC_ISA_USAGE = YES_ERROR;
				CLANG_WARN_EMPTY_BODY = YES;
				CLANG_WARN_ENUM_CONVERSION = YES;
				CLANG_WARN_INT_CONVERSION = YES;
				CLANG_WARN_OBJC_ROOT_CLASS = YES_ERROR;
				CLANG_WARN_UNREACHABLE_CODE = YES;
				CLANG_WARN__DUPLICATE_METHOD_MATCH = YES;
				CODE_SIGN_IDENTITY = "-";
				COPY_PHASE_STRIP = YES;
				DEBUG_INFORMATION_FORMAT = "dwarf-with-dsym";
				ENABLE_NS_ASSERTIONS = NO;
				ENABLE_STRICT_OBJC_MSGSEND = YES;
				GCC_C_LANGUAGE_STANDARD = gnu99;
				GCC_WARN_64_TO_32_BIT_CONVERSION = YES;
				GCC_WARN_ABOUT_RETURN_TYPE = YES_ERROR;
				GCC_WARN_UNDECLARED_SELECTOR = YES;
				GCC_WARN_UNINITIALIZED_AUTOS = YES_AGGRESSIVE;
				GCC_WARN_UNUSED_FUNCTION = YES;
				GCC_WARN_UNUSED_VARIABLE = YES;
				MACOSX_DEPLOYMENT_TARGET = 10.10;
				MTL_ENABLE_DEBUG_INFO = NO;
				SDKROOT = macosx;
			};
			name = Release;
		};
		F119AE9519FD4CFC0061D7DF /* Debug */ = {
			isa = XCBuildConfiguration;
			baseConfigurationReference = CF59BFBDD3F2246FB11E10BF /* Pods-Lists.debug.xcconfig */;
			buildSettings = {
				ASSETCATALOG_COMPILER_APPICON_NAME = AppIcon;
				CODE_SIGN_ENTITLEMENTS = Lists/Lists.entitlements;
				CODE_SIGN_IDENTITY = "3rd Party Mac Developer Application";
				"CODE_SIGN_IDENTITY[sdk=macosx*]" = "Mac Developer";
				COMBINE_HIDPI_IMAGES = YES;
				DEBUG_INFORMATION_FORMAT = "dwarf-with-dsym";
				DEVELOPMENT_TEAM = 43R88X5B35;
				FRAMEWORK_SEARCH_PATHS = (
					"$(inherited)",
					"$(PROJECT_DIR)/Lists",
					"$(PROJECT_DIR)",
				);
				INFOPLIST_FILE = Lists/Info.plist;
				LD_RUNPATH_SEARCH_PATHS = "$(inherited) @executable_path/../Frameworks";
				MACOSX_DEPLOYMENT_TARGET = 10.10;
				PRODUCT_BUNDLE_IDENTIFIER = "SDWR.$(PRODUCT_NAME:rfc1034identifier)";
				PRODUCT_NAME = Lists;
				PROVISIONING_PROFILE = "";
				PROVISIONING_PROFILE_SPECIFIER = "";
			};
			name = Debug;
		};
		F119AE9619FD4CFC0061D7DF /* Release */ = {
			isa = XCBuildConfiguration;
			baseConfigurationReference = 3F9F8E33CAEB544DB8F90D5B /* Pods-Lists.release.xcconfig */;
			buildSettings = {
				ASSETCATALOG_COMPILER_APPICON_NAME = AppIcon;
				CODE_SIGN_ENTITLEMENTS = Lists/Lists.entitlements;
				CODE_SIGN_IDENTITY = "3rd Party Mac Developer Application";
				"CODE_SIGN_IDENTITY[sdk=macosx*]" = "Mac Developer";
				COMBINE_HIDPI_IMAGES = YES;
				DEVELOPMENT_TEAM = 43R88X5B35;
				FRAMEWORK_SEARCH_PATHS = (
					"$(inherited)",
					"$(PROJECT_DIR)/Lists",
					"$(PROJECT_DIR)",
				);
				INFOPLIST_FILE = Lists/Info.plist;
				LD_RUNPATH_SEARCH_PATHS = "$(inherited) @executable_path/../Frameworks";
				MACOSX_DEPLOYMENT_TARGET = 10.10;
				PRODUCT_BUNDLE_IDENTIFIER = "SDWR.$(PRODUCT_NAME:rfc1034identifier)";
				PRODUCT_NAME = Lists;
				PROVISIONING_PROFILE = "";
				PROVISIONING_PROFILE_SPECIFIER = "";
			};
			name = Release;
		};
/* End XCBuildConfiguration section */

/* Begin XCConfigurationList section */
		F10E13141EBCA8180044802C /* Build configuration list for PBXAggregateTarget "Mogenerator" */ = {
			isa = XCConfigurationList;
			buildConfigurations = (
				F10E13121EBCA8180044802C /* Debug */,
				F10E13131EBCA8180044802C /* Release */,
			);
			defaultConfigurationIsVisible = 0;
			defaultConfigurationName = Release;
		};
		F119AE6F19FD4CFC0061D7DF /* Build configuration list for PBXProject "Lists" */ = {
			isa = XCConfigurationList;
			buildConfigurations = (
				F119AE9219FD4CFC0061D7DF /* Debug */,
				F119AE9319FD4CFC0061D7DF /* Release */,
			);
			defaultConfigurationIsVisible = 0;
			defaultConfigurationName = Release;
		};
		F119AE9419FD4CFC0061D7DF /* Build configuration list for PBXNativeTarget "Lists" */ = {
			isa = XCConfigurationList;
			buildConfigurations = (
				F119AE9519FD4CFC0061D7DF /* Debug */,
				F119AE9619FD4CFC0061D7DF /* Release */,
			);
			defaultConfigurationIsVisible = 0;
			defaultConfigurationName = Release;
		};
/* End XCConfigurationList section */

/* Begin XCVersionGroup section */
		F10E13091EBC922B0044802C /* listsmodel.xcdatamodeld */ = {
			isa = XCVersionGroup;
			children = (
				F10E130A1EBC922B0044802C /* listsmodel.xcdatamodel */,
			);
			currentVersion = F10E130A1EBC922B0044802C /* listsmodel.xcdatamodel */;
			path = listsmodel.xcdatamodeld;
			sourceTree = "<group>";
			versionGroupType = wrapper.xcdatamodel;
		};
/* End XCVersionGroup section */
	};
	rootObject = F119AE6C19FD4CFC0061D7DF /* Project object */;
}
