// !$*UTF8*$!
{
	archiveVersion = 1;
	classes = {
	};
	objectVersion = 46;
	objects = {

/* Begin PBXBuildFile section */
		F127915619F427940021B0FE /* CardLabel.m in Sources */ = {isa = PBXBuildFile; fileRef = F127915519F427940021B0FE /* CardLabel.m */; };
		F127915819F43C450021B0FE /* CardInspector.xib in Resources */ = {isa = PBXBuildFile; fileRef = F127915719F43C450021B0FE /* CardInspector.xib */; };
		F15A60E619F2BC2800056979 /* User.m in Sources */ = {isa = PBXBuildFile; fileRef = F15A60E519F2BC2800056979 /* User.m */; };
		F15A60EA19F2CDE800056979 /* LeftListView.m in Sources */ = {isa = PBXBuildFile; fileRef = F15A60E919F2CDE800056979 /* LeftListView.m */; };
		F15A60F319F3EF8400056979 /* CardListView.m in Sources */ = {isa = PBXBuildFile; fileRef = F15A60F219F3EF8400056979 /* CardListView.m */; };
		F15A60F719F3F08B00056979 /* Xtrace.mm in Sources */ = {isa = PBXBuildFile; fileRef = F15A60F619F3F08B00056979 /* Xtrace.mm */; };
		F15A60FA19F3F61E00056979 /* CardListItemVC.m in Sources */ = {isa = PBXBuildFile; fileRef = F15A60F919F3F61E00056979 /* CardListItemVC.m */; };
		F15A60FD19F407E600056979 /* CardInspectorVC.m in Sources */ = {isa = PBXBuildFile; fileRef = F15A60FC19F407E600056979 /* CardInspectorVC.m */; };
		F199C8A819F54F2200EF1994 /* NotificationCenter.framework in Frameworks */ = {isa = PBXBuildFile; fileRef = F199C8A719F54F2200EF1994 /* NotificationCenter.framework */; };
		F199C8AF19F54F2200EF1994 /* InfoPlist.strings in Resources */ = {isa = PBXBuildFile; fileRef = F199C8AD19F54F2200EF1994 /* InfoPlist.strings */; };
		F199C8B219F54F2200EF1994 /* TodayViewController.m in Sources */ = {isa = PBXBuildFile; fileRef = F199C8B119F54F2200EF1994 /* TodayViewController.m */; };
		F199C8B519F54F2200EF1994 /* ListRowViewController.m in Sources */ = {isa = PBXBuildFile; fileRef = F199C8B419F54F2200EF1994 /* ListRowViewController.m */; };
		F199C8B719F54F2200EF1994 /* TodayViewController.xib in Resources */ = {isa = PBXBuildFile; fileRef = F199C8B619F54F2200EF1994 /* TodayViewController.xib */; };
		F199C8B919F54F2200EF1994 /* ListRowViewController.xib in Resources */ = {isa = PBXBuildFile; fileRef = F199C8B819F54F2200EF1994 /* ListRowViewController.xib */; };
		F199C8BC19F54F2200EF1994 /* Trelloday.appex in Embed App Extensions */ = {isa = PBXBuildFile; fileRef = F199C8A519F54F2200EF1994 /* Trelloday.appex */; settings = {ATTRIBUTES = (RemoveHeadersOnCopy, ); }; };
		F1A99CED19F1CB3000CF6301 /* AppDelegate.m in Sources */ = {isa = PBXBuildFile; fileRef = F1A99CE419F1CB3000CF6301 /* AppDelegate.m */; };
		F1A99CEE19F1CB3000CF6301 /* MainMenu.xib in Resources */ = {isa = PBXBuildFile; fileRef = F1A99CE519F1CB3000CF6301 /* MainMenu.xib */; };
		F1A99CEF19F1CB3000CF6301 /* Images.xcassets in Resources */ = {isa = PBXBuildFile; fileRef = F1A99CE719F1CB3000CF6301 /* Images.xcassets */; };
		F1A99CF019F1CB3000CF6301 /* Info.plist in Resources */ = {isa = PBXBuildFile; fileRef = F1A99CE819F1CB3000CF6301 /* Info.plist */; };
		F1A99CF119F1CB3000CF6301 /* main.m in Sources */ = {isa = PBXBuildFile; fileRef = F1A99CE919F1CB3000CF6301 /* main.m */; };
		F1A99D0919F1CB6000CF6301 /* AFHTTPRequestOperation.m in Sources */ = {isa = PBXBuildFile; fileRef = F1A99CF719F1CB6000CF6301 /* AFHTTPRequestOperation.m */; };
		F1A99D0A19F1CB6000CF6301 /* AFHTTPRequestOperationManager.m in Sources */ = {isa = PBXBuildFile; fileRef = F1A99CF919F1CB6000CF6301 /* AFHTTPRequestOperationManager.m */; };
		F1A99D0B19F1CB6000CF6301 /* AFHTTPSessionManager.m in Sources */ = {isa = PBXBuildFile; fileRef = F1A99CFB19F1CB6000CF6301 /* AFHTTPSessionManager.m */; };
		F1A99D0C19F1CB6000CF6301 /* AFNetworkReachabilityManager.m in Sources */ = {isa = PBXBuildFile; fileRef = F1A99CFE19F1CB6000CF6301 /* AFNetworkReachabilityManager.m */; };
		F1A99D0D19F1CB6000CF6301 /* AFSecurityPolicy.m in Sources */ = {isa = PBXBuildFile; fileRef = F1A99D0019F1CB6000CF6301 /* AFSecurityPolicy.m */; };
		F1A99D0E19F1CB6000CF6301 /* AFURLConnectionOperation.m in Sources */ = {isa = PBXBuildFile; fileRef = F1A99D0219F1CB6000CF6301 /* AFURLConnectionOperation.m */; };
		F1A99D0F19F1CB6000CF6301 /* AFURLRequestSerialization.m in Sources */ = {isa = PBXBuildFile; fileRef = F1A99D0419F1CB6000CF6301 /* AFURLRequestSerialization.m */; };
		F1A99D1019F1CB6000CF6301 /* AFURLResponseSerialization.m in Sources */ = {isa = PBXBuildFile; fileRef = F1A99D0619F1CB6000CF6301 /* AFURLResponseSerialization.m */; };
		F1A99D1119F1CB6000CF6301 /* AFURLSessionManager.m in Sources */ = {isa = PBXBuildFile; fileRef = F1A99D0819F1CB6000CF6301 /* AFURLSessionManager.m */; };
		F1A99D1319F1CB7300CF6301 /* CoreServices.framework in Frameworks */ = {isa = PBXBuildFile; fileRef = F1A99D1219F1CB7300CF6301 /* CoreServices.framework */; };
		F1A99D1519F1CB7D00CF6301 /* SystemConfiguration.framework in Frameworks */ = {isa = PBXBuildFile; fileRef = F1A99D1419F1CB7D00CF6301 /* SystemConfiguration.framework */; };
		F1A99D1719F1CB9100CF6301 /* Security.framework in Frameworks */ = {isa = PBXBuildFile; fileRef = F1A99D1619F1CB9100CF6301 /* Security.framework */; };
		F1A99D1B19F1CC2C00CF6301 /* AFTrelloAPIClient.m in Sources */ = {isa = PBXBuildFile; fileRef = F1A99D1A19F1CC2C00CF6301 /* AFTrelloAPIClient.m */; };
		F1A99D1F19F1CF5B00CF6301 /* Board.m in Sources */ = {isa = PBXBuildFile; fileRef = F1A99D1E19F1CF5B00CF6301 /* Board.m */; };
		F1A99D2219F29BCA00CF6301 /* Card.m in Sources */ = {isa = PBXBuildFile; fileRef = F1A99D2119F29BCA00CF6301 /* Card.m */; };
		F1CD4C6819F446F500054B3F /* Label.m in Sources */ = {isa = PBXBuildFile; fileRef = F1CD4C6719F446F500054B3F /* Label.m */; };
		F1CD4C6B19F4535F00054B3F /* CardInnerViewVC.m in Sources */ = {isa = PBXBuildFile; fileRef = F1CD4C6A19F4535F00054B3F /* CardInnerViewVC.m */; };
		F1CD4C6E19F45BB000054B3F /* NSColor+Util.m in Sources */ = {isa = PBXBuildFile; fileRef = F1CD4C6D19F45BB000054B3F /* NSColor+Util.m */; };
		F1CD4C7119F45D1A00054B3F /* LeftMenuOutlineView.m in Sources */ = {isa = PBXBuildFile; fileRef = F1CD4C7019F45D1A00054B3F /* LeftMenuOutlineView.m */; };
		F1CD4C7419F45E0400054B3F /* LeftMenuOutlineCellView.m in Sources */ = {isa = PBXBuildFile; fileRef = F1CD4C7319F45E0400054B3F /* LeftMenuOutlineCellView.m */; };
/* End PBXBuildFile section */

/* Begin PBXContainerItemProxy section */
		F199C8BA19F54F2200EF1994 /* PBXContainerItemProxy */ = {
			isa = PBXContainerItemProxy;
			containerPortal = F1A99CB719F1B08700CF6301 /* Project object */;
			proxyType = 1;
			remoteGlobalIDString = F199C8A419F54F2200EF1994;
			remoteInfo = Trelloday;
		};
/* End PBXContainerItemProxy section */

/* Begin PBXCopyFilesBuildPhase section */
		F199C8C019F54F2200EF1994 /* Embed App Extensions */ = {
			isa = PBXCopyFilesBuildPhase;
			buildActionMask = 2147483647;
			dstPath = "";
			dstSubfolderSpec = 13;
			files = (
				F199C8BC19F54F2200EF1994 /* Trelloday.appex in Embed App Extensions */,
			);
			name = "Embed App Extensions";
			runOnlyForDeploymentPostprocessing = 0;
		};
/* End PBXCopyFilesBuildPhase section */

/* Begin PBXFileReference section */
		F127915419F427940021B0FE /* CardLabel.h */ = {isa = PBXFileReference; fileEncoding = 4; lastKnownFileType = sourcecode.c.h; path = CardLabel.h; sourceTree = "<group>"; };
		F127915519F427940021B0FE /* CardLabel.m */ = {isa = PBXFileReference; fileEncoding = 4; lastKnownFileType = sourcecode.c.objc; path = CardLabel.m; sourceTree = "<group>"; };
		F127915719F43C450021B0FE /* CardInspector.xib */ = {isa = PBXFileReference; fileEncoding = 4; lastKnownFileType = file.xib; name = CardInspector.xib; path = Classes/Views/CardInspector.xib; sourceTree = "<group>"; };
		F15A60E419F2BC2800056979 /* User.h */ = {isa = PBXFileReference; fileEncoding = 4; lastKnownFileType = sourcecode.c.h; path = User.h; sourceTree = "<group>"; };
		F15A60E519F2BC2800056979 /* User.m */ = {isa = PBXFileReference; fileEncoding = 4; lastKnownFileType = sourcecode.c.objc; path = User.m; sourceTree = "<group>"; };
		F15A60E819F2CDE800056979 /* LeftListView.h */ = {isa = PBXFileReference; fileEncoding = 4; lastKnownFileType = sourcecode.c.h; path = LeftListView.h; sourceTree = "<group>"; };
		F15A60E919F2CDE800056979 /* LeftListView.m */ = {isa = PBXFileReference; fileEncoding = 4; lastKnownFileType = sourcecode.c.objc; path = LeftListView.m; sourceTree = "<group>"; };
		F15A60F119F3EF8400056979 /* CardListView.h */ = {isa = PBXFileReference; fileEncoding = 4; lastKnownFileType = sourcecode.c.h; path = CardListView.h; sourceTree = "<group>"; };
		F15A60F219F3EF8400056979 /* CardListView.m */ = {isa = PBXFileReference; fileEncoding = 4; lastKnownFileType = sourcecode.c.objc; path = CardListView.m; sourceTree = "<group>"; };
		F15A60F519F3F08B00056979 /* Xtrace.h */ = {isa = PBXFileReference; fileEncoding = 4; lastKnownFileType = sourcecode.c.h; path = Xtrace.h; sourceTree = "<group>"; };
		F15A60F619F3F08B00056979 /* Xtrace.mm */ = {isa = PBXFileReference; fileEncoding = 4; lastKnownFileType = sourcecode.cpp.objcpp; path = Xtrace.mm; sourceTree = "<group>"; };
		F15A60F819F3F61E00056979 /* CardListItemVC.h */ = {isa = PBXFileReference; fileEncoding = 4; lastKnownFileType = sourcecode.c.h; path = CardListItemVC.h; sourceTree = "<group>"; };
		F15A60F919F3F61E00056979 /* CardListItemVC.m */ = {isa = PBXFileReference; fileEncoding = 4; lastKnownFileType = sourcecode.c.objc; path = CardListItemVC.m; sourceTree = "<group>"; };
		F15A60FB19F407E600056979 /* CardInspectorVC.h */ = {isa = PBXFileReference; fileEncoding = 4; lastKnownFileType = sourcecode.c.h; path = CardInspectorVC.h; sourceTree = "<group>"; };
		F15A60FC19F407E600056979 /* CardInspectorVC.m */ = {isa = PBXFileReference; fileEncoding = 4; lastKnownFileType = sourcecode.c.objc; path = CardInspectorVC.m; sourceTree = "<group>"; };
		F199C8A519F54F2200EF1994 /* Trelloday.appex */ = {isa = PBXFileReference; explicitFileType = "wrapper.app-extension"; includeInIndex = 0; path = Trelloday.appex; sourceTree = BUILT_PRODUCTS_DIR; };
		F199C8A719F54F2200EF1994 /* NotificationCenter.framework */ = {isa = PBXFileReference; lastKnownFileType = wrapper.framework; name = NotificationCenter.framework; path = System/Library/Frameworks/NotificationCenter.framework; sourceTree = SDKROOT; };
		F199C8AB19F54F2200EF1994 /* Info.plist */ = {isa = PBXFileReference; lastKnownFileType = text.plist.xml; path = Info.plist; sourceTree = "<group>"; };
		F199C8AC19F54F2200EF1994 /* Trelloday.entitlements */ = {isa = PBXFileReference; lastKnownFileType = text.xml; path = Trelloday.entitlements; sourceTree = "<group>"; };
		F199C8AE19F54F2200EF1994 /* en */ = {isa = PBXFileReference; lastKnownFileType = text.plist.strings; name = en; path = en.lproj/InfoPlist.strings; sourceTree = "<group>"; };
		F199C8B019F54F2200EF1994 /* TodayViewController.h */ = {isa = PBXFileReference; lastKnownFileType = sourcecode.c.h; path = TodayViewController.h; sourceTree = "<group>"; };
		F199C8B119F54F2200EF1994 /* TodayViewController.m */ = {isa = PBXFileReference; lastKnownFileType = sourcecode.c.objc; path = TodayViewController.m; sourceTree = "<group>"; };
		F199C8B319F54F2200EF1994 /* ListRowViewController.h */ = {isa = PBXFileReference; lastKnownFileType = sourcecode.c.h; path = ListRowViewController.h; sourceTree = "<group>"; };
		F199C8B419F54F2200EF1994 /* ListRowViewController.m */ = {isa = PBXFileReference; lastKnownFileType = sourcecode.c.objc; path = ListRowViewController.m; sourceTree = "<group>"; };
		F199C8B619F54F2200EF1994 /* TodayViewController.xib */ = {isa = PBXFileReference; lastKnownFileType = file.xib; path = TodayViewController.xib; sourceTree = "<group>"; };
		F199C8B819F54F2200EF1994 /* ListRowViewController.xib */ = {isa = PBXFileReference; lastKnownFileType = file.xib; path = ListRowViewController.xib; sourceTree = "<group>"; };
		F1A99CBF19F1B08700CF6301 /* Trellobyte.app */ = {isa = PBXFileReference; explicitFileType = wrapper.application; includeInIndex = 0; path = Trellobyte.app; sourceTree = BUILT_PRODUCTS_DIR; };
		F1A99CE319F1CB3000CF6301 /* AppDelegate.h */ = {isa = PBXFileReference; fileEncoding = 4; lastKnownFileType = sourcecode.c.h; path = AppDelegate.h; sourceTree = "<group>"; };
		F1A99CE419F1CB3000CF6301 /* AppDelegate.m */ = {isa = PBXFileReference; fileEncoding = 4; lastKnownFileType = sourcecode.c.objc; path = AppDelegate.m; sourceTree = "<group>"; };
		F1A99CE619F1CB3000CF6301 /* Base */ = {isa = PBXFileReference; lastKnownFileType = file.xib; name = Base; path = Base.lproj/MainMenu.xib; sourceTree = "<group>"; };
		F1A99CE719F1CB3000CF6301 /* Images.xcassets */ = {isa = PBXFileReference; lastKnownFileType = folder.assetcatalog; path = Images.xcassets; sourceTree = "<group>"; };
		F1A99CE819F1CB3000CF6301 /* Info.plist */ = {isa = PBXFileReference; fileEncoding = 4; lastKnownFileType = text.plist.xml; path = Info.plist; sourceTree = "<group>"; };
		F1A99CE919F1CB3000CF6301 /* main.m */ = {isa = PBXFileReference; fileEncoding = 4; lastKnownFileType = sourcecode.c.objc; path = main.m; sourceTree = "<group>"; };
		F1A99CF619F1CB6000CF6301 /* AFHTTPRequestOperation.h */ = {isa = PBXFileReference; fileEncoding = 4; lastKnownFileType = sourcecode.c.h; path = AFHTTPRequestOperation.h; sourceTree = "<group>"; };
		F1A99CF719F1CB6000CF6301 /* AFHTTPRequestOperation.m */ = {isa = PBXFileReference; fileEncoding = 4; lastKnownFileType = sourcecode.c.objc; path = AFHTTPRequestOperation.m; sourceTree = "<group>"; };
		F1A99CF819F1CB6000CF6301 /* AFHTTPRequestOperationManager.h */ = {isa = PBXFileReference; fileEncoding = 4; lastKnownFileType = sourcecode.c.h; path = AFHTTPRequestOperationManager.h; sourceTree = "<group>"; };
		F1A99CF919F1CB6000CF6301 /* AFHTTPRequestOperationManager.m */ = {isa = PBXFileReference; fileEncoding = 4; lastKnownFileType = sourcecode.c.objc; path = AFHTTPRequestOperationManager.m; sourceTree = "<group>"; };
		F1A99CFA19F1CB6000CF6301 /* AFHTTPSessionManager.h */ = {isa = PBXFileReference; fileEncoding = 4; lastKnownFileType = sourcecode.c.h; path = AFHTTPSessionManager.h; sourceTree = "<group>"; };
		F1A99CFB19F1CB6000CF6301 /* AFHTTPSessionManager.m */ = {isa = PBXFileReference; fileEncoding = 4; lastKnownFileType = sourcecode.c.objc; path = AFHTTPSessionManager.m; sourceTree = "<group>"; };
		F1A99CFC19F1CB6000CF6301 /* AFNetworking.h */ = {isa = PBXFileReference; fileEncoding = 4; lastKnownFileType = sourcecode.c.h; path = AFNetworking.h; sourceTree = "<group>"; };
		F1A99CFD19F1CB6000CF6301 /* AFNetworkReachabilityManager.h */ = {isa = PBXFileReference; fileEncoding = 4; lastKnownFileType = sourcecode.c.h; path = AFNetworkReachabilityManager.h; sourceTree = "<group>"; };
		F1A99CFE19F1CB6000CF6301 /* AFNetworkReachabilityManager.m */ = {isa = PBXFileReference; fileEncoding = 4; lastKnownFileType = sourcecode.c.objc; path = AFNetworkReachabilityManager.m; sourceTree = "<group>"; };
		F1A99CFF19F1CB6000CF6301 /* AFSecurityPolicy.h */ = {isa = PBXFileReference; fileEncoding = 4; lastKnownFileType = sourcecode.c.h; path = AFSecurityPolicy.h; sourceTree = "<group>"; };
		F1A99D0019F1CB6000CF6301 /* AFSecurityPolicy.m */ = {isa = PBXFileReference; fileEncoding = 4; lastKnownFileType = sourcecode.c.objc; path = AFSecurityPolicy.m; sourceTree = "<group>"; };
		F1A99D0119F1CB6000CF6301 /* AFURLConnectionOperation.h */ = {isa = PBXFileReference; fileEncoding = 4; lastKnownFileType = sourcecode.c.h; path = AFURLConnectionOperation.h; sourceTree = "<group>"; };
		F1A99D0219F1CB6000CF6301 /* AFURLConnectionOperation.m */ = {isa = PBXFileReference; fileEncoding = 4; lastKnownFileType = sourcecode.c.objc; path = AFURLConnectionOperation.m; sourceTree = "<group>"; };
		F1A99D0319F1CB6000CF6301 /* AFURLRequestSerialization.h */ = {isa = PBXFileReference; fileEncoding = 4; lastKnownFileType = sourcecode.c.h; path = AFURLRequestSerialization.h; sourceTree = "<group>"; };
		F1A99D0419F1CB6000CF6301 /* AFURLRequestSerialization.m */ = {isa = PBXFileReference; fileEncoding = 4; lastKnownFileType = sourcecode.c.objc; path = AFURLRequestSerialization.m; sourceTree = "<group>"; };
		F1A99D0519F1CB6000CF6301 /* AFURLResponseSerialization.h */ = {isa = PBXFileReference; fileEncoding = 4; lastKnownFileType = sourcecode.c.h; path = AFURLResponseSerialization.h; sourceTree = "<group>"; };
		F1A99D0619F1CB6000CF6301 /* AFURLResponseSerialization.m */ = {isa = PBXFileReference; fileEncoding = 4; lastKnownFileType = sourcecode.c.objc; path = AFURLResponseSerialization.m; sourceTree = "<group>"; };
		F1A99D0719F1CB6000CF6301 /* AFURLSessionManager.h */ = {isa = PBXFileReference; fileEncoding = 4; lastKnownFileType = sourcecode.c.h; path = AFURLSessionManager.h; sourceTree = "<group>"; };
		F1A99D0819F1CB6000CF6301 /* AFURLSessionManager.m */ = {isa = PBXFileReference; fileEncoding = 4; lastKnownFileType = sourcecode.c.objc; path = AFURLSessionManager.m; sourceTree = "<group>"; };
		F1A99D1219F1CB7300CF6301 /* CoreServices.framework */ = {isa = PBXFileReference; lastKnownFileType = wrapper.framework; name = CoreServices.framework; path = System/Library/Frameworks/CoreServices.framework; sourceTree = SDKROOT; };
		F1A99D1419F1CB7D00CF6301 /* SystemConfiguration.framework */ = {isa = PBXFileReference; lastKnownFileType = wrapper.framework; name = SystemConfiguration.framework; path = System/Library/Frameworks/SystemConfiguration.framework; sourceTree = SDKROOT; };
		F1A99D1619F1CB9100CF6301 /* Security.framework */ = {isa = PBXFileReference; lastKnownFileType = wrapper.framework; name = Security.framework; path = System/Library/Frameworks/Security.framework; sourceTree = SDKROOT; };
		F1A99D1919F1CC2C00CF6301 /* AFTrelloAPIClient.h */ = {isa = PBXFileReference; fileEncoding = 4; lastKnownFileType = sourcecode.c.h; path = AFTrelloAPIClient.h; sourceTree = "<group>"; };
		F1A99D1A19F1CC2C00CF6301 /* AFTrelloAPIClient.m */ = {isa = PBXFileReference; fileEncoding = 4; lastKnownFileType = sourcecode.c.objc; path = AFTrelloAPIClient.m; sourceTree = "<group>"; };
		F1A99D1D19F1CF5B00CF6301 /* Board.h */ = {isa = PBXFileReference; fileEncoding = 4; lastKnownFileType = sourcecode.c.h; path = Board.h; sourceTree = "<group>"; };
		F1A99D1E19F1CF5B00CF6301 /* Board.m */ = {isa = PBXFileReference; fileEncoding = 4; lastKnownFileType = sourcecode.c.objc; path = Board.m; sourceTree = "<group>"; };
		F1A99D2019F29BCA00CF6301 /* Card.h */ = {isa = PBXFileReference; fileEncoding = 4; lastKnownFileType = sourcecode.c.h; path = Card.h; sourceTree = "<group>"; };
		F1A99D2119F29BCA00CF6301 /* Card.m */ = {isa = PBXFileReference; fileEncoding = 4; lastKnownFileType = sourcecode.c.objc; path = Card.m; sourceTree = "<group>"; };
		F1CD4C6619F446F500054B3F /* Label.h */ = {isa = PBXFileReference; fileEncoding = 4; lastKnownFileType = sourcecode.c.h; path = Label.h; sourceTree = "<group>"; };
		F1CD4C6719F446F500054B3F /* Label.m */ = {isa = PBXFileReference; fileEncoding = 4; lastKnownFileType = sourcecode.c.objc; path = Label.m; sourceTree = "<group>"; };
		F1CD4C6919F4535F00054B3F /* CardInnerViewVC.h */ = {isa = PBXFileReference; fileEncoding = 4; lastKnownFileType = sourcecode.c.h; path = CardInnerViewVC.h; sourceTree = "<group>"; };
		F1CD4C6A19F4535F00054B3F /* CardInnerViewVC.m */ = {isa = PBXFileReference; fileEncoding = 4; lastKnownFileType = sourcecode.c.objc; path = CardInnerViewVC.m; sourceTree = "<group>"; };
		F1CD4C6C19F45BB000054B3F /* NSColor+Util.h */ = {isa = PBXFileReference; fileEncoding = 4; lastKnownFileType = sourcecode.c.h; path = "NSColor+Util.h"; sourceTree = "<group>"; };
		F1CD4C6D19F45BB000054B3F /* NSColor+Util.m */ = {isa = PBXFileReference; fileEncoding = 4; lastKnownFileType = sourcecode.c.objc; path = "NSColor+Util.m"; sourceTree = "<group>"; };
		F1CD4C6F19F45D1A00054B3F /* LeftMenuOutlineView.h */ = {isa = PBXFileReference; fileEncoding = 4; lastKnownFileType = sourcecode.c.h; name = LeftMenuOutlineView.h; path = Classes/Views/LeftMenuOutlineView.h; sourceTree = "<group>"; };
		F1CD4C7019F45D1A00054B3F /* LeftMenuOutlineView.m */ = {isa = PBXFileReference; fileEncoding = 4; lastKnownFileType = sourcecode.c.objc; name = LeftMenuOutlineView.m; path = Classes/Views/LeftMenuOutlineView.m; sourceTree = "<group>"; };
		F1CD4C7219F45E0400054B3F /* LeftMenuOutlineCellView.h */ = {isa = PBXFileReference; fileEncoding = 4; lastKnownFileType = sourcecode.c.h; name = LeftMenuOutlineCellView.h; path = Classes/Views/LeftMenuOutlineCellView.h; sourceTree = "<group>"; };
		F1CD4C7319F45E0400054B3F /* LeftMenuOutlineCellView.m */ = {isa = PBXFileReference; fileEncoding = 4; lastKnownFileType = sourcecode.c.objc; name = LeftMenuOutlineCellView.m; path = Classes/Views/LeftMenuOutlineCellView.m; sourceTree = "<group>"; };
/* End PBXFileReference section */

/* Begin PBXFrameworksBuildPhase section */
		F199C8A219F54F2200EF1994 /* Frameworks */ = {
			isa = PBXFrameworksBuildPhase;
			buildActionMask = 2147483647;
			files = (
				F199C8A819F54F2200EF1994 /* NotificationCenter.framework in Frameworks */,
			);
			runOnlyForDeploymentPostprocessing = 0;
		};
		F1A99CBC19F1B08700CF6301 /* Frameworks */ = {
			isa = PBXFrameworksBuildPhase;
			buildActionMask = 2147483647;
			files = (
				F1A99D1719F1CB9100CF6301 /* Security.framework in Frameworks */,
				F1A99D1519F1CB7D00CF6301 /* SystemConfiguration.framework in Frameworks */,
				F1A99D1319F1CB7300CF6301 /* CoreServices.framework in Frameworks */,
			);
			runOnlyForDeploymentPostprocessing = 0;
		};
/* End PBXFrameworksBuildPhase section */

/* Begin PBXGroup section */
		F15A60E719F2CDC200056979 /* Views */ = {
			isa = PBXGroup;
			children = (
				F127915419F427940021B0FE /* CardLabel.h */,
				F127915519F427940021B0FE /* CardLabel.m */,
				F15A60F119F3EF8400056979 /* CardListView.h */,
				F15A60F219F3EF8400056979 /* CardListView.m */,
				F15A60E819F2CDE800056979 /* LeftListView.h */,
				F15A60E919F2CDE800056979 /* LeftListView.m */,
			);
			path = Views;
			sourceTree = "<group>";
		};
		F15A60F419F3F08B00056979 /* Xtrace */ = {
			isa = PBXGroup;
			children = (
				F15A60F519F3F08B00056979 /* Xtrace.h */,
				F15A60F619F3F08B00056979 /* Xtrace.mm */,
			);
			path = Xtrace;
			sourceTree = "<group>";
		};
		F199C8A619F54F2200EF1994 /* Frameworks */ = {
			isa = PBXGroup;
			children = (
				F199C8A719F54F2200EF1994 /* NotificationCenter.framework */,
			);
			name = Frameworks;
			sourceTree = "<group>";
		};
		F199C8A919F54F2200EF1994 /* Trelloday */ = {
			isa = PBXGroup;
			children = (
				F199C8B019F54F2200EF1994 /* TodayViewController.h */,
				F199C8B119F54F2200EF1994 /* TodayViewController.m */,
				F199C8B319F54F2200EF1994 /* ListRowViewController.h */,
				F199C8B419F54F2200EF1994 /* ListRowViewController.m */,
				F199C8B619F54F2200EF1994 /* TodayViewController.xib */,
				F199C8B819F54F2200EF1994 /* ListRowViewController.xib */,
				F199C8AA19F54F2200EF1994 /* Supporting Files */,
			);
			path = Trelloday;
			sourceTree = "<group>";
		};
		F199C8AA19F54F2200EF1994 /* Supporting Files */ = {
			isa = PBXGroup;
			children = (
				F199C8AB19F54F2200EF1994 /* Info.plist */,
				F199C8AC19F54F2200EF1994 /* Trelloday.entitlements */,
				F199C8AD19F54F2200EF1994 /* InfoPlist.strings */,
			);
			name = "Supporting Files";
			sourceTree = "<group>";
		};
		F1A99CB619F1B08700CF6301 = {
			isa = PBXGroup;
			children = (
				F1A99D1619F1CB9100CF6301 /* Security.framework */,
				F1A99D1419F1CB7D00CF6301 /* SystemConfiguration.framework */,
				F1A99D1219F1CB7300CF6301 /* CoreServices.framework */,
				F1A99CE219F1CB3000CF6301 /* Trellobyte */,
				F199C8A919F54F2200EF1994 /* Trelloday */,
				F199C8A619F54F2200EF1994 /* Frameworks */,
				F1A99CC019F1B08700CF6301 /* Products */,
				F1A99CF419F1CB6000CF6301 /* Vendor */,
			);
			sourceTree = "<group>";
		};
		F1A99CC019F1B08700CF6301 /* Products */ = {
			isa = PBXGroup;
			children = (
				F1A99CBF19F1B08700CF6301 /* Trellobyte.app */,
				F199C8A519F54F2200EF1994 /* Trelloday.appex */,
			);
			name = Products;
			sourceTree = "<group>";
		};
		F1A99CE219F1CB3000CF6301 /* Trellobyte */ = {
			isa = PBXGroup;
			children = (
				F1A99D1819F1CBFC00CF6301 /* Classes */,
				F1A99CE319F1CB3000CF6301 /* AppDelegate.h */,
				F1A99CE419F1CB3000CF6301 /* AppDelegate.m */,
				F1CD4C6C19F45BB000054B3F /* NSColor+Util.h */,
				F1CD4C6D19F45BB000054B3F /* NSColor+Util.m */,
				F15A60F819F3F61E00056979 /* CardListItemVC.h */,
				F15A60F919F3F61E00056979 /* CardListItemVC.m */,
				F15A60FB19F407E600056979 /* CardInspectorVC.h */,
				F15A60FC19F407E600056979 /* CardInspectorVC.m */,
				F127915719F43C450021B0FE /* CardInspector.xib */,
				F1CD4C6919F4535F00054B3F /* CardInnerViewVC.h */,
				F1CD4C6A19F4535F00054B3F /* CardInnerViewVC.m */,
				F1CD4C6F19F45D1A00054B3F /* LeftMenuOutlineView.h */,
				F1CD4C7019F45D1A00054B3F /* LeftMenuOutlineView.m */,
				F1CD4C7219F45E0400054B3F /* LeftMenuOutlineCellView.h */,
				F1CD4C7319F45E0400054B3F /* LeftMenuOutlineCellView.m */,
				F1A99CE519F1CB3000CF6301 /* MainMenu.xib */,
				F1A99CE719F1CB3000CF6301 /* Images.xcassets */,
				F1A99CE819F1CB3000CF6301 /* Info.plist */,
				F1A99CE919F1CB3000CF6301 /* main.m */,
			);
			path = Trellobyte;
			sourceTree = "<group>";
		};
		F1A99CF419F1CB6000CF6301 /* Vendor */ = {
			isa = PBXGroup;
			children = (
				F15A60F419F3F08B00056979 /* Xtrace */,
				F1A99CF519F1CB6000CF6301 /* AFNetworking */,
			);
			path = Vendor;
			sourceTree = "<group>";
		};
		F1A99CF519F1CB6000CF6301 /* AFNetworking */ = {
			isa = PBXGroup;
			children = (
				F1A99CF619F1CB6000CF6301 /* AFHTTPRequestOperation.h */,
				F1A99CF719F1CB6000CF6301 /* AFHTTPRequestOperation.m */,
				F1A99CF819F1CB6000CF6301 /* AFHTTPRequestOperationManager.h */,
				F1A99CF919F1CB6000CF6301 /* AFHTTPRequestOperationManager.m */,
				F1A99CFA19F1CB6000CF6301 /* AFHTTPSessionManager.h */,
				F1A99CFB19F1CB6000CF6301 /* AFHTTPSessionManager.m */,
				F1A99CFC19F1CB6000CF6301 /* AFNetworking.h */,
				F1A99CFD19F1CB6000CF6301 /* AFNetworkReachabilityManager.h */,
				F1A99CFE19F1CB6000CF6301 /* AFNetworkReachabilityManager.m */,
				F1A99CFF19F1CB6000CF6301 /* AFSecurityPolicy.h */,
				F1A99D0019F1CB6000CF6301 /* AFSecurityPolicy.m */,
				F1A99D0119F1CB6000CF6301 /* AFURLConnectionOperation.h */,
				F1A99D0219F1CB6000CF6301 /* AFURLConnectionOperation.m */,
				F1A99D0319F1CB6000CF6301 /* AFURLRequestSerialization.h */,
				F1A99D0419F1CB6000CF6301 /* AFURLRequestSerialization.m */,
				F1A99D0519F1CB6000CF6301 /* AFURLResponseSerialization.h */,
				F1A99D0619F1CB6000CF6301 /* AFURLResponseSerialization.m */,
				F1A99D0719F1CB6000CF6301 /* AFURLSessionManager.h */,
				F1A99D0819F1CB6000CF6301 /* AFURLSessionManager.m */,
			);
			path = AFNetworking;
			sourceTree = "<group>";
		};
		F1A99D1819F1CBFC00CF6301 /* Classes */ = {
			isa = PBXGroup;
			children = (
				F15A60E719F2CDC200056979 /* Views */,
				F1A99D1C19F1CF4500CF6301 /* Models */,
				F1A99D1919F1CC2C00CF6301 /* AFTrelloAPIClient.h */,
				F1A99D1A19F1CC2C00CF6301 /* AFTrelloAPIClient.m */,
			);
			path = Classes;
			sourceTree = "<group>";
		};
		F1A99D1C19F1CF4500CF6301 /* Models */ = {
			isa = PBXGroup;
			children = (
				F1CD4C6619F446F500054B3F /* Label.h */,
				F1CD4C6719F446F500054B3F /* Label.m */,
				F15A60E419F2BC2800056979 /* User.h */,
				F15A60E519F2BC2800056979 /* User.m */,
				F1A99D2019F29BCA00CF6301 /* Card.h */,
				F1A99D2119F29BCA00CF6301 /* Card.m */,
				F1A99D1D19F1CF5B00CF6301 /* Board.h */,
				F1A99D1E19F1CF5B00CF6301 /* Board.m */,
			);
			path = Models;
			sourceTree = "<group>";
		};
/* End PBXGroup section */

/* Begin PBXNativeTarget section */
		F199C8A419F54F2200EF1994 /* Trelloday */ = {
			isa = PBXNativeTarget;
			buildConfigurationList = F199C8BD19F54F2200EF1994 /* Build configuration list for PBXNativeTarget "Trelloday" */;
			buildPhases = (
				F199C8A119F54F2200EF1994 /* Sources */,
				F199C8A219F54F2200EF1994 /* Frameworks */,
				F199C8A319F54F2200EF1994 /* Resources */,
			);
			buildRules = (
			);
			dependencies = (
			);
			name = Trelloday;
			productName = Trelloday;
			productReference = F199C8A519F54F2200EF1994 /* Trelloday.appex */;
			productType = "com.apple.product-type.app-extension";
		};
		F1A99CBE19F1B08700CF6301 /* Trellobyte */ = {
			isa = PBXNativeTarget;
			buildConfigurationList = F1A99CDC19F1B08800CF6301 /* Build configuration list for PBXNativeTarget "Trellobyte" */;
			buildPhases = (
				F1A99CBB19F1B08700CF6301 /* Sources */,
				F1A99CBC19F1B08700CF6301 /* Frameworks */,
				F1A99CBD19F1B08700CF6301 /* Resources */,
				F199C8C019F54F2200EF1994 /* Embed App Extensions */,
			);
			buildRules = (
			);
			dependencies = (
				F199C8BB19F54F2200EF1994 /* PBXTargetDependency */,
			);
			name = Trellobyte;
			productName = testMacApp;
			productReference = F1A99CBF19F1B08700CF6301 /* Trellobyte.app */;
			productType = "com.apple.product-type.application";
		};
/* End PBXNativeTarget section */

/* Begin PBXProject section */
		F1A99CB719F1B08700CF6301 /* Project object */ = {
			isa = PBXProject;
			attributes = {
				LastUpgradeCheck = 0600;
				ORGANIZATIONNAME = SDWR;
				TargetAttributes = {
					F199C8A419F54F2200EF1994 = {
						CreatedOnToolsVersion = 6.1;
						DevelopmentTeam = 43R88X5B35;
					};
					F1A99CBE19F1B08700CF6301 = {
						CreatedOnToolsVersion = 6.0;
						DevelopmentTeam = 43R88X5B35;
					};
				};
			};
			buildConfigurationList = F1A99CBA19F1B08700CF6301 /* Build configuration list for PBXProject "Trellobyte" */;
			compatibilityVersion = "Xcode 3.2";
			developmentRegion = English;
			hasScannedForEncodings = 0;
			knownRegions = (
				en,
				Base,
			);
			mainGroup = F1A99CB619F1B08700CF6301;
			productRefGroup = F1A99CC019F1B08700CF6301 /* Products */;
			projectDirPath = "";
			projectRoot = "";
			targets = (
				F1A99CBE19F1B08700CF6301 /* Trellobyte */,
				F199C8A419F54F2200EF1994 /* Trelloday */,
			);
		};
/* End PBXProject section */

/* Begin PBXResourcesBuildPhase section */
		F199C8A319F54F2200EF1994 /* Resources */ = {
			isa = PBXResourcesBuildPhase;
			buildActionMask = 2147483647;
			files = (
				F199C8B919F54F2200EF1994 /* ListRowViewController.xib in Resources */,
				F199C8B719F54F2200EF1994 /* TodayViewController.xib in Resources */,
				F199C8AF19F54F2200EF1994 /* InfoPlist.strings in Resources */,
			);
			runOnlyForDeploymentPostprocessing = 0;
		};
		F1A99CBD19F1B08700CF6301 /* Resources */ = {
			isa = PBXResourcesBuildPhase;
			buildActionMask = 2147483647;
			files = (
				F1A99CEE19F1CB3000CF6301 /* MainMenu.xib in Resources */,
				F1A99CEF19F1CB3000CF6301 /* Images.xcassets in Resources */,
				F1A99CF019F1CB3000CF6301 /* Info.plist in Resources */,
				F127915819F43C450021B0FE /* CardInspector.xib in Resources */,
			);
			runOnlyForDeploymentPostprocessing = 0;
		};
/* End PBXResourcesBuildPhase section */

/* Begin PBXSourcesBuildPhase section */
		F199C8A119F54F2200EF1994 /* Sources */ = {
			isa = PBXSourcesBuildPhase;
			buildActionMask = 2147483647;
			files = (
				F199C8B219F54F2200EF1994 /* TodayViewController.m in Sources */,
				F199C8B519F54F2200EF1994 /* ListRowViewController.m in Sources */,
			);
			runOnlyForDeploymentPostprocessing = 0;
		};
		F1A99CBB19F1B08700CF6301 /* Sources */ = {
			isa = PBXSourcesBuildPhase;
			buildActionMask = 2147483647;
			files = (
				F15A60F719F3F08B00056979 /* Xtrace.mm in Sources */,
				F15A60FA19F3F61E00056979 /* CardListItemVC.m in Sources */,
				F1A99D1F19F1CF5B00CF6301 /* Board.m in Sources */,
				F1CD4C7419F45E0400054B3F /* LeftMenuOutlineCellView.m in Sources */,
				F15A60F319F3EF8400056979 /* CardListView.m in Sources */,
				F1A99D0919F1CB6000CF6301 /* AFHTTPRequestOperation.m in Sources */,
				F1A99CF119F1CB3000CF6301 /* main.m in Sources */,
				F1CD4C6819F446F500054B3F /* Label.m in Sources */,
				F15A60FD19F407E600056979 /* CardInspectorVC.m in Sources */,
				F1A99D0A19F1CB6000CF6301 /* AFHTTPRequestOperationManager.m in Sources */,
				F1A99D0C19F1CB6000CF6301 /* AFNetworkReachabilityManager.m in Sources */,
				F1CD4C7119F45D1A00054B3F /* LeftMenuOutlineView.m in Sources */,
				F15A60E619F2BC2800056979 /* User.m in Sources */,
				F1A99D2219F29BCA00CF6301 /* Card.m in Sources */,
				F1A99D1019F1CB6000CF6301 /* AFURLResponseSerialization.m in Sources */,
				F1CD4C6B19F4535F00054B3F /* CardInnerViewVC.m in Sources */,
				F1A99D0E19F1CB6000CF6301 /* AFURLConnectionOperation.m in Sources */,
				F1A99D0D19F1CB6000CF6301 /* AFSecurityPolicy.m in Sources */,
				F1A99D0B19F1CB6000CF6301 /* AFHTTPSessionManager.m in Sources */,
				F15A60EA19F2CDE800056979 /* LeftListView.m in Sources */,
				F1CD4C6E19F45BB000054B3F /* NSColor+Util.m in Sources */,
				F127915619F427940021B0FE /* CardLabel.m in Sources */,
				F1A99D0F19F1CB6000CF6301 /* AFURLRequestSerialization.m in Sources */,
				F1A99D1B19F1CC2C00CF6301 /* AFTrelloAPIClient.m in Sources */,
				F1A99D1119F1CB6000CF6301 /* AFURLSessionManager.m in Sources */,
				F1A99CED19F1CB3000CF6301 /* AppDelegate.m in Sources */,
			);
			runOnlyForDeploymentPostprocessing = 0;
		};
/* End PBXSourcesBuildPhase section */

/* Begin PBXTargetDependency section */
		F199C8BB19F54F2200EF1994 /* PBXTargetDependency */ = {
			isa = PBXTargetDependency;
			target = F199C8A419F54F2200EF1994 /* Trelloday */;
			targetProxy = F199C8BA19F54F2200EF1994 /* PBXContainerItemProxy */;
		};
/* End PBXTargetDependency section */

/* Begin PBXVariantGroup section */
		F199C8AD19F54F2200EF1994 /* InfoPlist.strings */ = {
			isa = PBXVariantGroup;
			children = (
				F199C8AE19F54F2200EF1994 /* en */,
			);
			name = InfoPlist.strings;
			sourceTree = "<group>";
		};
		F1A99CE519F1CB3000CF6301 /* MainMenu.xib */ = {
			isa = PBXVariantGroup;
			children = (
				F1A99CE619F1CB3000CF6301 /* Base */,
			);
			name = MainMenu.xib;
			sourceTree = "<group>";
		};
/* End PBXVariantGroup section */

/* Begin XCBuildConfiguration section */
		F199C8BE19F54F2200EF1994 /* Debug */ = {
			isa = XCBuildConfiguration;
			buildSettings = {
				CODE_SIGN_ENTITLEMENTS = Trelloday/Trelloday.entitlements;
				CODE_SIGN_IDENTITY = "";
				COMBINE_HIDPI_IMAGES = YES;
				GCC_PREPROCESSOR_DEFINITIONS = (
					"DEBUG=1",
					"$(inherited)",
				);
				INFOPLIST_FILE = Trelloday/Info.plist;
				LD_RUNPATH_SEARCH_PATHS = "$(inherited) @executable_path/../Frameworks @executable_path/../../../../Frameworks";
				MACOSX_DEPLOYMENT_TARGET = 10.10;
				PRODUCT_NAME = "$(TARGET_NAME)";
				SKIP_INSTALL = YES;
			};
			name = Debug;
		};
		F199C8BF19F54F2200EF1994 /* Release */ = {
			isa = XCBuildConfiguration;
			buildSettings = {
				CODE_SIGN_ENTITLEMENTS = Trelloday/Trelloday.entitlements;
				CODE_SIGN_IDENTITY = "";
				COMBINE_HIDPI_IMAGES = YES;
				INFOPLIST_FILE = Trelloday/Info.plist;
				LD_RUNPATH_SEARCH_PATHS = "$(inherited) @executable_path/../Frameworks @executable_path/../../../../Frameworks";
				MACOSX_DEPLOYMENT_TARGET = 10.10;
				PRODUCT_NAME = "$(TARGET_NAME)";
				SKIP_INSTALL = YES;
			};
			name = Release;
		};
		F1A99CDA19F1B08800CF6301 /* Debug */ = {
			isa = XCBuildConfiguration;
			buildSettings = {
				ALWAYS_SEARCH_USER_PATHS = NO;
				CLANG_CXX_LANGUAGE_STANDARD = "gnu++0x";
				CLANG_CXX_LIBRARY = "libc++";
				CLANG_ENABLE_MODULES = YES;
				CLANG_ENABLE_OBJC_ARC = YES;
				CLANG_WARN_BOOL_CONVERSION = YES;
				CLANG_WARN_CONSTANT_CONVERSION = YES;
				CLANG_WARN_DIRECT_OBJC_ISA_USAGE = YES_ERROR;
				CLANG_WARN_EMPTY_BODY = YES;
				CLANG_WARN_ENUM_CONVERSION = YES;
				CLANG_WARN_INT_CONVERSION = YES;
				CLANG_WARN_OBJC_ROOT_CLASS = YES_ERROR;
				CLANG_WARN_UNREACHABLE_CODE = YES;
				CLANG_WARN__DUPLICATE_METHOD_MATCH = YES;
				CODE_SIGN_IDENTITY = "";
				COPY_PHASE_STRIP = NO;
				ENABLE_STRICT_OBJC_MSGSEND = YES;
				GCC_C_LANGUAGE_STANDARD = gnu99;
				GCC_DYNAMIC_NO_PIC = NO;
				GCC_OPTIMIZATION_LEVEL = 0;
				GCC_PREPROCESSOR_DEFINITIONS = (
					"DEBUG=1",
					"$(inherited)",
				);
				GCC_SYMBOLS_PRIVATE_EXTERN = NO;
				GCC_WARN_64_TO_32_BIT_CONVERSION = YES;
				GCC_WARN_ABOUT_RETURN_TYPE = YES_ERROR;
				GCC_WARN_UNDECLARED_SELECTOR = YES;
				GCC_WARN_UNINITIALIZED_AUTOS = YES_AGGRESSIVE;
				GCC_WARN_UNUSED_FUNCTION = YES;
				GCC_WARN_UNUSED_VARIABLE = YES;
				MACOSX_DEPLOYMENT_TARGET = 10.9;
				MTL_ENABLE_DEBUG_INFO = YES;
				ONLY_ACTIVE_ARCH = YES;
				SDKROOT = macosx;
			};
			name = Debug;
		};
		F1A99CDB19F1B08800CF6301 /* Release */ = {
			isa = XCBuildConfiguration;
			buildSettings = {
				ALWAYS_SEARCH_USER_PATHS = NO;
				CLANG_CXX_LANGUAGE_STANDARD = "gnu++0x";
				CLANG_CXX_LIBRARY = "libc++";
				CLANG_ENABLE_MODULES = YES;
				CLANG_ENABLE_OBJC_ARC = YES;
				CLANG_WARN_BOOL_CONVERSION = YES;
				CLANG_WARN_CONSTANT_CONVERSION = YES;
				CLANG_WARN_DIRECT_OBJC_ISA_USAGE = YES_ERROR;
				CLANG_WARN_EMPTY_BODY = YES;
				CLANG_WARN_ENUM_CONVERSION = YES;
				CLANG_WARN_INT_CONVERSION = YES;
				CLANG_WARN_OBJC_ROOT_CLASS = YES_ERROR;
				CLANG_WARN_UNREACHABLE_CODE = YES;
				CLANG_WARN__DUPLICATE_METHOD_MATCH = YES;
				CODE_SIGN_IDENTITY = "";
				COPY_PHASE_STRIP = YES;
				DEBUG_INFORMATION_FORMAT = "dwarf-with-dsym";
				ENABLE_NS_ASSERTIONS = NO;
				ENABLE_STRICT_OBJC_MSGSEND = YES;
				GCC_C_LANGUAGE_STANDARD = gnu99;
				GCC_WARN_64_TO_32_BIT_CONVERSION = YES;
				GCC_WARN_ABOUT_RETURN_TYPE = YES_ERROR;
				GCC_WARN_UNDECLARED_SELECTOR = YES;
				GCC_WARN_UNINITIALIZED_AUTOS = YES_AGGRESSIVE;
				GCC_WARN_UNUSED_FUNCTION = YES;
				GCC_WARN_UNUSED_VARIABLE = YES;
				MACOSX_DEPLOYMENT_TARGET = 10.9;
				MTL_ENABLE_DEBUG_INFO = NO;
				SDKROOT = macosx;
			};
			name = Release;
		};
		F1A99CDD19F1B08800CF6301 /* Debug */ = {
			isa = XCBuildConfiguration;
			buildSettings = {
				ASSETCATALOG_COMPILER_APPICON_NAME = AppIcon;
				CODE_SIGN_IDENTITY = "";
				COMBINE_HIDPI_IMAGES = YES;
				INFOPLIST_FILE = Trellobyte/Info.plist;
				LD_RUNPATH_SEARCH_PATHS = "$(inherited) @executable_path/../Frameworks";
				MACOSX_DEPLOYMENT_TARGET = 10.9;
				PRODUCT_NAME = Trellobyte;
			};
			name = Debug;
		};
		F1A99CDE19F1B08800CF6301 /* Release */ = {
			isa = XCBuildConfiguration;
			buildSettings = {
				ASSETCATALOG_COMPILER_APPICON_NAME = AppIcon;
				CODE_SIGN_IDENTITY = "";
				COMBINE_HIDPI_IMAGES = YES;
				INFOPLIST_FILE = Trellobyte/Info.plist;
				LD_RUNPATH_SEARCH_PATHS = "$(inherited) @executable_path/../Frameworks";
				MACOSX_DEPLOYMENT_TARGET = 10.9;
				PRODUCT_NAME = Trellobyte;
			};
			name = Release;
		};
/* End XCBuildConfiguration section */

/* Begin XCConfigurationList section */
		F199C8BD19F54F2200EF1994 /* Build configuration list for PBXNativeTarget "Trelloday" */ = {
			isa = XCConfigurationList;
			buildConfigurations = (
				F199C8BE19F54F2200EF1994 /* Debug */,
				F199C8BF19F54F2200EF1994 /* Release */,
			);
			defaultConfigurationIsVisible = 0;
		};
		F1A99CBA19F1B08700CF6301 /* Build configuration list for PBXProject "Trellobyte" */ = {
			isa = XCConfigurationList;
			buildConfigurations = (
				F1A99CDA19F1B08800CF6301 /* Debug */,
				F1A99CDB19F1B08800CF6301 /* Release */,
			);
			defaultConfigurationIsVisible = 0;
			defaultConfigurationName = Release;
		};
		F1A99CDC19F1B08800CF6301 /* Build configuration list for PBXNativeTarget "Trellobyte" */ = {
			isa = XCConfigurationList;
			buildConfigurations = (
				F1A99CDD19F1B08800CF6301 /* Debug */,
				F1A99CDE19F1B08800CF6301 /* Release */,
			);
			defaultConfigurationIsVisible = 0;
			defaultConfigurationName = Release;
		};
/* End XCConfigurationList section */
	};
	rootObject = F1A99CB719F1B08700CF6301 /* Project object */;
}
